// !$*UTF8*$!
{
	archiveVersion = 1;
	classes = {
	};
	objectVersion = 56;
	objects = {

/* Begin PBXBuildFile section */
		041B7B032A16D5DE000110AA /* AppDelegate.swift in Sources */ = {isa = PBXBuildFile; fileRef = 041B7B022A16D5DE000110AA /* AppDelegate.swift */; };
		041B7B052A16D5DE000110AA /* SceneDelegate.swift in Sources */ = {isa = PBXBuildFile; fileRef = 041B7B042A16D5DE000110AA /* SceneDelegate.swift */; };
		041B7B072A16D5DE000110AA /* ViewController.swift in Sources */ = {isa = PBXBuildFile; fileRef = 041B7B062A16D5DE000110AA /* ViewController.swift */; };
		041B7B0A2A16D5DE000110AA /* Main.storyboard in Resources */ = {isa = PBXBuildFile; fileRef = 041B7B082A16D5DE000110AA /* Main.storyboard */; };
		041B7B0D2A16D5DE000110AA /* SportsApp.xcdatamodeld in Sources */ = {isa = PBXBuildFile; fileRef = 041B7B0B2A16D5DE000110AA /* SportsApp.xcdatamodeld */; };
		041B7B0F2A16D5E0000110AA /* Assets.xcassets in Resources */ = {isa = PBXBuildFile; fileRef = 041B7B0E2A16D5E0000110AA /* Assets.xcassets */; };
		041B7B122A16D5E0000110AA /* LaunchScreen.storyboard in Resources */ = {isa = PBXBuildFile; fileRef = 041B7B102A16D5E0000110AA /* LaunchScreen.storyboard */; };
		041B7B1D2A16D5E0000110AA /* SportsAppTests.swift in Sources */ = {isa = PBXBuildFile; fileRef = 041B7B1C2A16D5E0000110AA /* SportsAppTests.swift */; };
		041B7B272A16D5E0000110AA /* SportsAppUITests.swift in Sources */ = {isa = PBXBuildFile; fileRef = 041B7B262A16D5E0000110AA /* SportsAppUITests.swift */; };
		041B7B292A16D5E0000110AA /* SportsAppUITestsLaunchTests.swift in Sources */ = {isa = PBXBuildFile; fileRef = 041B7B282A16D5E0000110AA /* SportsAppUITestsLaunchTests.swift */; };
/* End PBXBuildFile section */

/* Begin PBXContainerItemProxy section */
		041B7B192A16D5E0000110AA /* PBXContainerItemProxy */ = {
			isa = PBXContainerItemProxy;
			containerPortal = 041B7AF72A16D5DE000110AA /* Project object */;
			proxyType = 1;
			remoteGlobalIDString = 041B7AFE2A16D5DE000110AA;
			remoteInfo = SportsApp;
		};
		041B7B232A16D5E0000110AA /* PBXContainerItemProxy */ = {
			isa = PBXContainerItemProxy;
			containerPortal = 041B7AF72A16D5DE000110AA /* Project object */;
			proxyType = 1;
			remoteGlobalIDString = 041B7AFE2A16D5DE000110AA;
			remoteInfo = SportsApp;
		};
/* End PBXContainerItemProxy section */

/* Begin PBXFileReference section */
		041B7AFF2A16D5DE000110AA /* SportsApp.app */ = {isa = PBXFileReference; explicitFileType = wrapper.application; includeInIndex = 0; path = SportsApp.app; sourceTree = BUILT_PRODUCTS_DIR; };
		041B7B022A16D5DE000110AA /* AppDelegate.swift */ = {isa = PBXFileReference; lastKnownFileType = sourcecode.swift; path = AppDelegate.swift; sourceTree = "<group>"; };
		041B7B042A16D5DE000110AA /* SceneDelegate.swift */ = {isa = PBXFileReference; lastKnownFileType = sourcecode.swift; path = SceneDelegate.swift; sourceTree = "<group>"; };
		041B7B062A16D5DE000110AA /* ViewController.swift */ = {isa = PBXFileReference; lastKnownFileType = sourcecode.swift; path = ViewController.swift; sourceTree = "<group>"; };
		041B7B092A16D5DE000110AA /* Base */ = {isa = PBXFileReference; lastKnownFileType = file.storyboard; name = Base; path = Base.lproj/Main.storyboard; sourceTree = "<group>"; };
		041B7B0C2A16D5DE000110AA /* SportsApp.xcdatamodel */ = {isa = PBXFileReference; lastKnownFileType = wrapper.xcdatamodel; path = SportsApp.xcdatamodel; sourceTree = "<group>"; };
		041B7B0E2A16D5E0000110AA /* Assets.xcassets */ = {isa = PBXFileReference; lastKnownFileType = folder.assetcatalog; path = Assets.xcassets; sourceTree = "<group>"; };
		041B7B112A16D5E0000110AA /* Base */ = {isa = PBXFileReference; lastKnownFileType = file.storyboard; name = Base; path = Base.lproj/LaunchScreen.storyboard; sourceTree = "<group>"; };
		041B7B132A16D5E0000110AA /* Info.plist */ = {isa = PBXFileReference; lastKnownFileType = text.plist.xml; path = Info.plist; sourceTree = "<group>"; };
		041B7B182A16D5E0000110AA /* SportsAppTests.xctest */ = {isa = PBXFileReference; explicitFileType = wrapper.cfbundle; includeInIndex = 0; path = SportsAppTests.xctest; sourceTree = BUILT_PRODUCTS_DIR; };
		041B7B1C2A16D5E0000110AA /* SportsAppTests.swift */ = {isa = PBXFileReference; lastKnownFileType = sourcecode.swift; path = SportsAppTests.swift; sourceTree = "<group>"; };
		041B7B222A16D5E0000110AA /* SportsAppUITests.xctest */ = {isa = PBXFileReference; explicitFileType = wrapper.cfbundle; includeInIndex = 0; path = SportsAppUITests.xctest; sourceTree = BUILT_PRODUCTS_DIR; };
		041B7B262A16D5E0000110AA /* SportsAppUITests.swift */ = {isa = PBXFileReference; lastKnownFileType = sourcecode.swift; path = SportsAppUITests.swift; sourceTree = "<group>"; };
		041B7B282A16D5E0000110AA /* SportsAppUITestsLaunchTests.swift */ = {isa = PBXFileReference; lastKnownFileType = sourcecode.swift; path = SportsAppUITestsLaunchTests.swift; sourceTree = "<group>"; };
/* End PBXFileReference section */

/* Begin PBXFrameworksBuildPhase section */
		041B7AFC2A16D5DE000110AA /* Frameworks */ = {
			isa = PBXFrameworksBuildPhase;
			buildActionMask = 2147483647;
			files = (
			);
			runOnlyForDeploymentPostprocessing = 0;
		};
		041B7B152A16D5E0000110AA /* Frameworks */ = {
			isa = PBXFrameworksBuildPhase;
			buildActionMask = 2147483647;
			files = (
			);
			runOnlyForDeploymentPostprocessing = 0;
		};
		041B7B1F2A16D5E0000110AA /* Frameworks */ = {
			isa = PBXFrameworksBuildPhase;
			buildActionMask = 2147483647;
			files = (
			);
			runOnlyForDeploymentPostprocessing = 0;
		};
/* End PBXFrameworksBuildPhase section */

/* Begin PBXGroup section */
		041B7AF62A16D5DE000110AA = {
			isa = PBXGroup;
			children = (
				041B7B012A16D5DE000110AA /* SportsApp */,
				041B7B1B2A16D5E0000110AA /* SportsAppTests */,
				041B7B252A16D5E0000110AA /* SportsAppUITests */,
				041B7B002A16D5DE000110AA /* Products */,
			);
			sourceTree = "<group>";
		};
		041B7B002A16D5DE000110AA /* Products */ = {
			isa = PBXGroup;
			children = (
				041B7AFF2A16D5DE000110AA /* SportsApp.app */,
				041B7B182A16D5E0000110AA /* SportsAppTests.xctest */,
				041B7B222A16D5E0000110AA /* SportsAppUITests.xctest */,
			);
			name = Products;
			sourceTree = "<group>";
		};
		041B7B012A16D5DE000110AA /* SportsApp */ = {
			isa = PBXGroup;
			children = (
				041B7B022A16D5DE000110AA /* AppDelegate.swift */,
				041B7B042A16D5DE000110AA /* SceneDelegate.swift */,
				041B7B062A16D5DE000110AA /* ViewController.swift */,
				041B7B082A16D5DE000110AA /* Main.storyboard */,
				041B7B0E2A16D5E0000110AA /* Assets.xcassets */,
				041B7B102A16D5E0000110AA /* LaunchScreen.storyboard */,
				041B7B132A16D5E0000110AA /* Info.plist */,
				041B7B0B2A16D5DE000110AA /* SportsApp.xcdatamodeld */,
			);
			path = SportsApp;
			sourceTree = "<group>";
		};
		041B7B1B2A16D5E0000110AA /* SportsAppTests */ = {
			isa = PBXGroup;
			children = (
				041B7B1C2A16D5E0000110AA /* SportsAppTests.swift */,
			);
			path = SportsAppTests;
			sourceTree = "<group>";
		};
		041B7B252A16D5E0000110AA /* SportsAppUITests */ = {
			isa = PBXGroup;
			children = (
				041B7B262A16D5E0000110AA /* SportsAppUITests.swift */,
				041B7B282A16D5E0000110AA /* SportsAppUITestsLaunchTests.swift */,
			);
			path = SportsAppUITests;
			sourceTree = "<group>";
		};
/* End PBXGroup section */

/* Begin PBXNativeTarget section */
		041B7AFE2A16D5DE000110AA /* SportsApp */ = {
			isa = PBXNativeTarget;
			buildConfigurationList = 041B7B2C2A16D5E0000110AA /* Build configuration list for PBXNativeTarget "SportsApp" */;
			buildPhases = (
				041B7AFB2A16D5DE000110AA /* Sources */,
				041B7AFC2A16D5DE000110AA /* Frameworks */,
				041B7AFD2A16D5DE000110AA /* Resources */,
			);
			buildRules = (
			);
			dependencies = (
			);
			name = SportsApp;
			productName = SportsApp;
			productReference = 041B7AFF2A16D5DE000110AA /* SportsApp.app */;
			productType = "com.apple.product-type.application";
		};
		041B7B172A16D5E0000110AA /* SportsAppTests */ = {
			isa = PBXNativeTarget;
			buildConfigurationList = 041B7B2F2A16D5E0000110AA /* Build configuration list for PBXNativeTarget "SportsAppTests" */;
			buildPhases = (
				041B7B142A16D5E0000110AA /* Sources */,
				041B7B152A16D5E0000110AA /* Frameworks */,
				041B7B162A16D5E0000110AA /* Resources */,
			);
			buildRules = (
			);
			dependencies = (
				041B7B1A2A16D5E0000110AA /* PBXTargetDependency */,
			);
			name = SportsAppTests;
			productName = SportsAppTests;
			productReference = 041B7B182A16D5E0000110AA /* SportsAppTests.xctest */;
			productType = "com.apple.product-type.bundle.unit-test";
		};
		041B7B212A16D5E0000110AA /* SportsAppUITests */ = {
			isa = PBXNativeTarget;
			buildConfigurationList = 041B7B322A16D5E0000110AA /* Build configuration list for PBXNativeTarget "SportsAppUITests" */;
			buildPhases = (
				041B7B1E2A16D5E0000110AA /* Sources */,
				041B7B1F2A16D5E0000110AA /* Frameworks */,
				041B7B202A16D5E0000110AA /* Resources */,
			);
			buildRules = (
			);
			dependencies = (
				041B7B242A16D5E0000110AA /* PBXTargetDependency */,
			);
			name = SportsAppUITests;
			productName = SportsAppUITests;
			productReference = 041B7B222A16D5E0000110AA /* SportsAppUITests.xctest */;
			productType = "com.apple.product-type.bundle.ui-testing";
		};
/* End PBXNativeTarget section */

/* Begin PBXProject section */
		041B7AF72A16D5DE000110AA /* Project object */ = {
			isa = PBXProject;
			attributes = {
				BuildIndependentTargetsInParallel = 1;
				LastSwiftUpdateCheck = 1430;
				LastUpgradeCheck = 1430;
				TargetAttributes = {
					041B7AFE2A16D5DE000110AA = {
						CreatedOnToolsVersion = 14.3;
					};
					041B7B172A16D5E0000110AA = {
						CreatedOnToolsVersion = 14.3;
						TestTargetID = 041B7AFE2A16D5DE000110AA;
					};
					041B7B212A16D5E0000110AA = {
						CreatedOnToolsVersion = 14.3;
						TestTargetID = 041B7AFE2A16D5DE000110AA;
					};
				};
			};
			buildConfigurationList = 041B7AFA2A16D5DE000110AA /* Build configuration list for PBXProject "SportsApp" */;
			compatibilityVersion = "Xcode 14.0";
			developmentRegion = en;
			hasScannedForEncodings = 0;
			knownRegions = (
				en,
				Base,
			);
			mainGroup = 041B7AF62A16D5DE000110AA;
			productRefGroup = 041B7B002A16D5DE000110AA /* Products */;
			projectDirPath = "";
			projectRoot = "";
			targets = (
				041B7AFE2A16D5DE000110AA /* SportsApp */,
				041B7B172A16D5E0000110AA /* SportsAppTests */,
				041B7B212A16D5E0000110AA /* SportsAppUITests */,
			);
		};
/* End PBXProject section */

/* Begin PBXResourcesBuildPhase section */
		041B7AFD2A16D5DE000110AA /* Resources */ = {
			isa = PBXResourcesBuildPhase;
			buildActionMask = 2147483647;
			files = (
				041B7B122A16D5E0000110AA /* LaunchScreen.storyboard in Resources */,
				041B7B0F2A16D5E0000110AA /* Assets.xcassets in Resources */,
				041B7B0A2A16D5DE000110AA /* Main.storyboard in Resources */,
			);
			runOnlyForDeploymentPostprocessing = 0;
		};
		041B7B162A16D5E0000110AA /* Resources */ = {
			isa = PBXResourcesBuildPhase;
			buildActionMask = 2147483647;
			files = (
			);
			runOnlyForDeploymentPostprocessing = 0;
		};
		041B7B202A16D5E0000110AA /* Resources */ = {
			isa = PBXResourcesBuildPhase;
			buildActionMask = 2147483647;
			files = (
			);
			runOnlyForDeploymentPostprocessing = 0;
		};
/* End PBXResourcesBuildPhase section */

/* Begin PBXSourcesBuildPhase section */
		041B7AFB2A16D5DE000110AA /* Sources */ = {
			isa = PBXSourcesBuildPhase;
			buildActionMask = 2147483647;
			files = (
				041B7B072A16D5DE000110AA /* ViewController.swift in Sources */,
				041B7B032A16D5DE000110AA /* AppDelegate.swift in Sources */,
				041B7B0D2A16D5DE000110AA /* SportsApp.xcdatamodeld in Sources */,
				041B7B052A16D5DE000110AA /* SceneDelegate.swift in Sources */,
			);
			runOnlyForDeploymentPostprocessing = 0;
		};
		041B7B142A16D5E0000110AA /* Sources */ = {
			isa = PBXSourcesBuildPhase;
			buildActionMask = 2147483647;
			files = (
				041B7B1D2A16D5E0000110AA /* SportsAppTests.swift in Sources */,
			);
			runOnlyForDeploymentPostprocessing = 0;
		};
		041B7B1E2A16D5E0000110AA /* Sources */ = {
			isa = PBXSourcesBuildPhase;
			buildActionMask = 2147483647;
			files = (
				041B7B272A16D5E0000110AA /* SportsAppUITests.swift in Sources */,
				041B7B292A16D5E0000110AA /* SportsAppUITestsLaunchTests.swift in Sources */,
			);
			runOnlyForDeploymentPostprocessing = 0;
		};
/* End PBXSourcesBuildPhase section */

/* Begin PBXTargetDependency section */
		041B7B1A2A16D5E0000110AA /* PBXTargetDependency */ = {
			isa = PBXTargetDependency;
			target = 041B7AFE2A16D5DE000110AA /* SportsApp */;
			targetProxy = 041B7B192A16D5E0000110AA /* PBXContainerItemProxy */;
		};
		041B7B242A16D5E0000110AA /* PBXTargetDependency */ = {
			isa = PBXTargetDependency;
			target = 041B7AFE2A16D5DE000110AA /* SportsApp */;
			targetProxy = 041B7B232A16D5E0000110AA /* PBXContainerItemProxy */;
		};
/* End PBXTargetDependency section */

/* Begin PBXVariantGroup section */
		041B7B082A16D5DE000110AA /* Main.storyboard */ = {
			isa = PBXVariantGroup;
			children = (
				041B7B092A16D5DE000110AA /* Base */,
			);
			name = Main.storyboard;
			sourceTree = "<group>";
		};
		041B7B102A16D5E0000110AA /* LaunchScreen.storyboard */ = {
			isa = PBXVariantGroup;
			children = (
				041B7B112A16D5E0000110AA /* Base */,
			);
			name = LaunchScreen.storyboard;
			sourceTree = "<group>";
		};
/* End PBXVariantGroup section */

/* Begin XCBuildConfiguration section */
		041B7B2A2A16D5E0000110AA /* Debug */ = {
			isa = XCBuildConfiguration;
			buildSettings = {
				ALWAYS_SEARCH_USER_PATHS = NO;
				CLANG_ANALYZER_NONNULL = YES;
				CLANG_ANALYZER_NUMBER_OBJECT_CONVERSION = YES_AGGRESSIVE;
				CLANG_CXX_LANGUAGE_STANDARD = "gnu++20";
				CLANG_ENABLE_MODULES = YES;
				CLANG_ENABLE_OBJC_ARC = YES;
				CLANG_ENABLE_OBJC_WEAK = YES;
				CLANG_WARN_BLOCK_CAPTURE_AUTORELEASING = YES;
				CLANG_WARN_BOOL_CONVERSION = YES;
				CLANG_WARN_COMMA = YES;
				CLANG_WARN_CONSTANT_CONVERSION = YES;
				CLANG_WARN_DEPRECATED_OBJC_IMPLEMENTATIONS = YES;
				CLANG_WARN_DIRECT_OBJC_ISA_USAGE = YES_ERROR;
				CLANG_WARN_DOCUMENTATION_COMMENTS = YES;
				CLANG_WARN_EMPTY_BODY = YES;
				CLANG_WARN_ENUM_CONVERSION = YES;
				CLANG_WARN_INFINITE_RECURSION = YES;
				CLANG_WARN_INT_CONVERSION = YES;
				CLANG_WARN_NON_LITERAL_NULL_CONVERSION = YES;
				CLANG_WARN_OBJC_IMPLICIT_RETAIN_SELF = YES;
				CLANG_WARN_OBJC_LITERAL_CONVERSION = YES;
				CLANG_WARN_OBJC_ROOT_CLASS = YES_ERROR;
				CLANG_WARN_QUOTED_INCLUDE_IN_FRAMEWORK_HEADER = YES;
				CLANG_WARN_RANGE_LOOP_ANALYSIS = YES;
				CLANG_WARN_STRICT_PROTOTYPES = YES;
				CLANG_WARN_SUSPICIOUS_MOVE = YES;
				CLANG_WARN_UNGUARDED_AVAILABILITY = YES_AGGRESSIVE;
				CLANG_WARN_UNREACHABLE_CODE = YES;
				CLANG_WARN__DUPLICATE_METHOD_MATCH = YES;
				COPY_PHASE_STRIP = NO;
				DEBUG_INFORMATION_FORMAT = dwarf;
				ENABLE_STRICT_OBJC_MSGSEND = YES;
				ENABLE_TESTABILITY = YES;
				GCC_C_LANGUAGE_STANDARD = gnu11;
				GCC_DYNAMIC_NO_PIC = NO;
				GCC_NO_COMMON_BLOCKS = YES;
				GCC_OPTIMIZATION_LEVEL = 0;
				GCC_PREPROCESSOR_DEFINITIONS = (
					"DEBUG=1",
					"$(inherited)",
				);
				GCC_WARN_64_TO_32_BIT_CONVERSION = YES;
				GCC_WARN_ABOUT_RETURN_TYPE = YES_ERROR;
				GCC_WARN_UNDECLARED_SELECTOR = YES;
				GCC_WARN_UNINITIALIZED_AUTOS = YES_AGGRESSIVE;
				GCC_WARN_UNUSED_FUNCTION = YES;
				GCC_WARN_UNUSED_VARIABLE = YES;
				IPHONEOS_DEPLOYMENT_TARGET = 16.4;
				MTL_ENABLE_DEBUG_INFO = INCLUDE_SOURCE;
				MTL_FAST_MATH = YES;
				ONLY_ACTIVE_ARCH = YES;
				SDKROOT = iphoneos;
				SWIFT_ACTIVE_COMPILATION_CONDITIONS = DEBUG;
				SWIFT_OPTIMIZATION_LEVEL = "-Onone";
			};
			name = Debug;
		};
		041B7B2B2A16D5E0000110AA /* Release */ = {
			isa = XCBuildConfiguration;
			buildSettings = {
				ALWAYS_SEARCH_USER_PATHS = NO;
				CLANG_ANALYZER_NONNULL = YES;
				CLANG_ANALYZER_NUMBER_OBJECT_CONVERSION = YES_AGGRESSIVE;
				CLANG_CXX_LANGUAGE_STANDARD = "gnu++20";
				CLANG_ENABLE_MODULES = YES;
				CLANG_ENABLE_OBJC_ARC = YES;
				CLANG_ENABLE_OBJC_WEAK = YES;
				CLANG_WARN_BLOCK_CAPTURE_AUTORELEASING = YES;
				CLANG_WARN_BOOL_CONVERSION = YES;
				CLANG_WARN_COMMA = YES;
				CLANG_WARN_CONSTANT_CONVERSION = YES;
				CLANG_WARN_DEPRECATED_OBJC_IMPLEMENTATIONS = YES;
				CLANG_WARN_DIRECT_OBJC_ISA_USAGE = YES_ERROR;
				CLANG_WARN_DOCUMENTATION_COMMENTS = YES;
				CLANG_WARN_EMPTY_BODY = YES;
				CLANG_WARN_ENUM_CONVERSION = YES;
				CLANG_WARN_INFINITE_RECURSION = YES;
				CLANG_WARN_INT_CONVERSION = YES;
				CLANG_WARN_NON_LITERAL_NULL_CONVERSION = YES;
				CLANG_WARN_OBJC_IMPLICIT_RETAIN_SELF = YES;
				CLANG_WARN_OBJC_LITERAL_CONVERSION = YES;
				CLANG_WARN_OBJC_ROOT_CLASS = YES_ERROR;
				CLANG_WARN_QUOTED_INCLUDE_IN_FRAMEWORK_HEADER = YES;
				CLANG_WARN_RANGE_LOOP_ANALYSIS = YES;
				CLANG_WARN_STRICT_PROTOTYPES = YES;
				CLANG_WARN_SUSPICIOUS_MOVE = YES;
				CLANG_WARN_UNGUARDED_AVAILABILITY = YES_AGGRESSIVE;
				CLANG_WARN_UNREACHABLE_CODE = YES;
				CLANG_WARN__DUPLICATE_METHOD_MATCH = YES;
				COPY_PHASE_STRIP = NO;
				DEBUG_INFORMATION_FORMAT = "dwarf-with-dsym";
				ENABLE_NS_ASSERTIONS = NO;
				ENABLE_STRICT_OBJC_MSGSEND = YES;
				GCC_C_LANGUAGE_STANDARD = gnu11;
				GCC_NO_COMMON_BLOCKS = YES;
				GCC_WARN_64_TO_32_BIT_CONVERSION = YES;
				GCC_WARN_ABOUT_RETURN_TYPE = YES_ERROR;
				GCC_WARN_UNDECLARED_SELECTOR = YES;
				GCC_WARN_UNINITIALIZED_AUTOS = YES_AGGRESSIVE;
				GCC_WARN_UNUSED_FUNCTION = YES;
				GCC_WARN_UNUSED_VARIABLE = YES;
				IPHONEOS_DEPLOYMENT_TARGET = 16.4;
				MTL_ENABLE_DEBUG_INFO = NO;
				MTL_FAST_MATH = YES;
				SDKROOT = iphoneos;
				SWIFT_COMPILATION_MODE = wholemodule;
				SWIFT_OPTIMIZATION_LEVEL = "-O";
				VALIDATE_PRODUCT = YES;
			};
			name = Release;
		};
		041B7B2D2A16D5E0000110AA /* Debug */ = {
			isa = XCBuildConfiguration;
			buildSettings = {
				ASSETCATALOG_COMPILER_APPICON_NAME = AppIcon;
				ASSETCATALOG_COMPILER_GLOBAL_ACCENT_COLOR_NAME = AccentColor;
				CODE_SIGN_STYLE = Automatic;
				CURRENT_PROJECT_VERSION = 1;
				GENERATE_INFOPLIST_FILE = YES;
				INFOPLIST_FILE = SportsApp/Info.plist;
				INFOPLIST_KEY_UIApplicationSupportsIndirectInputEvents = YES;
				INFOPLIST_KEY_UILaunchStoryboardName = LaunchScreen;
				INFOPLIST_KEY_UIMainStoryboardFile = Main;
				INFOPLIST_KEY_UISupportedInterfaceOrientations_iPad = "UIInterfaceOrientationPortrait UIInterfaceOrientationPortraitUpsideDown UIInterfaceOrientationLandscapeLeft UIInterfaceOrientationLandscapeRight";
				INFOPLIST_KEY_UISupportedInterfaceOrientations_iPhone = "UIInterfaceOrientationPortrait UIInterfaceOrientationLandscapeLeft UIInterfaceOrientationLandscapeRight";
				LD_RUNPATH_SEARCH_PATHS = (
					"$(inherited)",
					"@executable_path/Frameworks",
				);
				MARKETING_VERSION = 1.0;
				PRODUCT_BUNDLE_IDENTIFIER = iti.SportsApp;
				PRODUCT_NAME = "$(TARGET_NAME)";
				SWIFT_EMIT_LOC_STRINGS = YES;
				SWIFT_VERSION = 5.0;
				TARGETED_DEVICE_FAMILY = "1,2";
			};
			name = Debug;
		};
		041B7B2E2A16D5E0000110AA /* Release */ = {
			isa = XCBuildConfiguration;
			buildSettings = {
				ASSETCATALOG_COMPILER_APPICON_NAME = AppIcon;
				ASSETCATALOG_COMPILER_GLOBAL_ACCENT_COLOR_NAME = AccentColor;
				CODE_SIGN_STYLE = Automatic;
				CURRENT_PROJECT_VERSION = 1;
				GENERATE_INFOPLIST_FILE = YES;
				INFOPLIST_FILE = SportsApp/Info.plist;
				INFOPLIST_KEY_UIApplicationSupportsIndirectInputEvents = YES;
				INFOPLIST_KEY_UILaunchStoryboardName = LaunchScreen;
				INFOPLIST_KEY_UIMainStoryboardFile = Main;
				INFOPLIST_KEY_UISupportedInterfaceOrientations_iPad = "UIInterfaceOrientationPortrait UIInterfaceOrientationPortraitUpsideDown UIInterfaceOrientationLandscapeLeft UIInterfaceOrientationLandscapeRight";
				INFOPLIST_KEY_UISupportedInterfaceOrientations_iPhone = "UIInterfaceOrientationPortrait UIInterfaceOrientationLandscapeLeft UIInterfaceOrientationLandscapeRight";
				LD_RUNPATH_SEARCH_PATHS = (
					"$(inherited)",
					"@executable_path/Frameworks",
				);
				MARKETING_VERSION = 1.0;
				PRODUCT_BUNDLE_IDENTIFIER = iti.SportsApp;
				PRODUCT_NAME = "$(TARGET_NAME)";
				SWIFT_EMIT_LOC_STRINGS = YES;
				SWIFT_VERSION = 5.0;
				TARGETED_DEVICE_FAMILY = "1,2";
			};
			name = Release;
		};
		041B7B302A16D5E0000110AA /* Debug */ = {
			isa = XCBuildConfiguration;
			buildSettings = {
				ALWAYS_EMBED_SWIFT_STANDARD_LIBRARIES = YES;
				BUNDLE_LOADER = "$(TEST_HOST)";
				CODE_SIGN_STYLE = Automatic;
				CURRENT_PROJECT_VERSION = 1;
				GENERATE_INFOPLIST_FILE = YES;
				IPHONEOS_DEPLOYMENT_TARGET = 16.4;
				MARKETING_VERSION = 1.0;
				PRODUCT_BUNDLE_IDENTIFIER = iti.SportsAppTests;
				PRODUCT_NAME = "$(TARGET_NAME)";
				SWIFT_EMIT_LOC_STRINGS = NO;
				SWIFT_VERSION = 5.0;
				TARGETED_DEVICE_FAMILY = "1,2";
				TEST_HOST = "$(BUILT_PRODUCTS_DIR)/SportsApp.app/$(BUNDLE_EXECUTABLE_FOLDER_PATH)/SportsApp";
			};
			name = Debug;
		};
		041B7B312A16D5E0000110AA /* Release */ = {
			isa = XCBuildConfiguration;
			buildSettings = {
				ALWAYS_EMBED_SWIFT_STANDARD_LIBRARIES = YES;
				BUNDLE_LOADER = "$(TEST_HOST)";
				CODE_SIGN_STYLE = Automatic;
				CURRENT_PROJECT_VERSION = 1;
				GENERATE_INFOPLIST_FILE = YES;
				IPHONEOS_DEPLOYMENT_TARGET = 16.4;
				MARKETING_VERSION = 1.0;
				PRODUCT_BUNDLE_IDENTIFIER = iti.SportsAppTests;
				PRODUCT_NAME = "$(TARGET_NAME)";
				SWIFT_EMIT_LOC_STRINGS = NO;
				SWIFT_VERSION = 5.0;
				TARGETED_DEVICE_FAMILY = "1,2";
				TEST_HOST = "$(BUILT_PRODUCTS_DIR)/SportsApp.app/$(BUNDLE_EXECUTABLE_FOLDER_PATH)/SportsApp";
			};
			name = Release;
		};
		041B7B332A16D5E0000110AA /* Debug */ = {
			isa = XCBuildConfiguration;
			buildSettings = {
				ALWAYS_EMBED_SWIFT_STANDARD_LIBRARIES = YES;
				CODE_SIGN_STYLE = Automatic;
				CURRENT_PROJECT_VERSION = 1;
				GENERATE_INFOPLIST_FILE = YES;
				MARKETING_VERSION = 1.0;
				PRODUCT_BUNDLE_IDENTIFIER = iti.SportsAppUITests;
				PRODUCT_NAME = "$(TARGET_NAME)";
				SWIFT_EMIT_LOC_STRINGS = NO;
				SWIFT_VERSION = 5.0;
				TARGETED_DEVICE_FAMILY = "1,2";
				TEST_TARGET_NAME = SportsApp;
			};
			name = Debug;
		};
		041B7B342A16D5E0000110AA /* Release */ = {
			isa = XCBuildConfiguration;
			buildSettings = {
				ALWAYS_EMBED_SWIFT_STANDARD_LIBRARIES = YES;
				CODE_SIGN_STYLE = Automatic;
				CURRENT_PROJECT_VERSION = 1;
				GENERATE_INFOPLIST_FILE = YES;
				MARKETING_VERSION = 1.0;
				PRODUCT_BUNDLE_IDENTIFIER = iti.SportsAppUITests;
				PRODUCT_NAME = "$(TARGET_NAME)";
				SWIFT_EMIT_LOC_STRINGS = NO;
				SWIFT_VERSION = 5.0;
				TARGETED_DEVICE_FAMILY = "1,2";
				TEST_TARGET_NAME = SportsApp;
			};
			name = Release;
		};
/* End XCBuildConfiguration section */

/* Begin XCConfigurationList section */
		041B7AFA2A16D5DE000110AA /* Build configuration list for PBXProject "SportsApp" */ = {
			isa = XCConfigurationList;
			buildConfigurations = (
				041B7B2A2A16D5E0000110AA /* Debug */,
				041B7B2B2A16D5E0000110AA /* Release */,
			);
			defaultConfigurationIsVisible = 0;
			defaultConfigurationName = Release;
		};
		041B7B2C2A16D5E0000110AA /* Build configuration list for PBXNativeTarget "SportsApp" */ = {
			isa = XCConfigurationList;
			buildConfigurations = (
				041B7B2D2A16D5E0000110AA /* Debug */,
				041B7B2E2A16D5E0000110AA /* Release */,
			);
			defaultConfigurationIsVisible = 0;
			defaultConfigurationName = Release;
		};
		041B7B2F2A16D5E0000110AA /* Build configuration list for PBXNativeTarget "SportsAppTests" */ = {
			isa = XCConfigurationList;
			buildConfigurations = (
				041B7B302A16D5E0000110AA /* Debug */,
				041B7B312A16D5E0000110AA /* Release */,
			);
			defaultConfigurationIsVisible = 0;
			defaultConfigurationName = Release;
		};
		041B7B322A16D5E0000110AA /* Build configuration list for PBXNativeTarget "SportsAppUITests" */ = {
			isa = XCConfigurationList;
			buildConfigurations = (
				041B7B332A16D5E0000110AA /* Debug */,
				041B7B342A16D5E0000110AA /* Release */,
			);
			defaultConfigurationIsVisible = 0;
			defaultConfigurationName = Release;
		};
/* End XCConfigurationList section */

/* Begin XCVersionGroup section */
		041B7B0B2A16D5DE000110AA /* SportsApp.xcdatamodeld */ = {
			isa = XCVersionGroup;
			children = (
				041B7B0C2A16D5DE000110AA /* SportsApp.xcdatamodel */,
			);
			currentVersion = 041B7B0C2A16D5DE000110AA /* SportsApp.xcdatamodel */;
			path = SportsApp.xcdatamodeld;
			sourceTree = "<group>";
			versionGroupType = wrapper.xcdatamodel;
		};
/* End XCVersionGroup section */
	};
	rootObject = 041B7AF72A16D5DE000110AA /* Project object */;
}
