// !$*UTF8*$!
{
	archiveVersion = 1;
	classes = {
	};
	objectVersion = 56;
	objects = {

/* Begin PBXBuildFile section */
		0418FD822A1D0E940066F338 /* ViewModel.swift in Sources */ = {isa = PBXBuildFile; fileRef = 0418FD812A1D0E940066F338 /* ViewModel.swift */; };
		0419A6092A17806C00C161CB /* Utilites.swift in Sources */ = {isa = PBXBuildFile; fileRef = 0419A6082A17806C00C161CB /* Utilites.swift */; };
		0419A60E2A17872000C161CB /* Lottie in Frameworks */ = {isa = PBXBuildFile; productRef = 0419A60D2A17872000C161CB /* Lottie */; };
		0419A6102A17897700C161CB /* football.json in Resources */ = {isa = PBXBuildFile; fileRef = 0419A60F2A17897700C161CB /* football.json */; };
		0419A6172A17B35000C161CB /* tennis.json in Resources */ = {isa = PBXBuildFile; fileRef = 0419A6162A17B35000C161CB /* tennis.json */; };
		0419A6192A17B35C00C161CB /* basketball.json in Resources */ = {isa = PBXBuildFile; fileRef = 0419A6182A17B35C00C161CB /* basketball.json */; };
		0419A61B2A17BAED00C161CB /* LeguesViewController.swift in Sources */ = {isa = PBXBuildFile; fileRef = 0419A61A2A17BAED00C161CB /* LeguesViewController.swift */; };
		0419ADAD2A1C45FD00FEDF7D /* UpComingEventsPojo.swift in Sources */ = {isa = PBXBuildFile; fileRef = 0419ADAC2A1C45FD00FEDF7D /* UpComingEventsPojo.swift */; };
		041A96212A1D471600E116DD /* NetworkManager.swift in Sources */ = {isa = PBXBuildFile; fileRef = 041A96202A1D471600E116DD /* NetworkManager.swift */; };
		041B7B032A16D5DE000110AA /* AppDelegate.swift in Sources */ = {isa = PBXBuildFile; fileRef = 041B7B022A16D5DE000110AA /* AppDelegate.swift */; };
		041B7B052A16D5DE000110AA /* SceneDelegate.swift in Sources */ = {isa = PBXBuildFile; fileRef = 041B7B042A16D5DE000110AA /* SceneDelegate.swift */; };
		041B7B0A2A16D5DE000110AA /* Main.storyboard in Resources */ = {isa = PBXBuildFile; fileRef = 041B7B082A16D5DE000110AA /* Main.storyboard */; };
		041B7B0D2A16D5DE000110AA /* SportsApp.xcdatamodeld in Sources */ = {isa = PBXBuildFile; fileRef = 041B7B0B2A16D5DE000110AA /* SportsApp.xcdatamodeld */; };
		041B7B0F2A16D5E0000110AA /* Assets.xcassets in Resources */ = {isa = PBXBuildFile; fileRef = 041B7B0E2A16D5E0000110AA /* Assets.xcassets */; };
		041B7B122A16D5E0000110AA /* LaunchScreen.storyboard in Resources */ = {isa = PBXBuildFile; fileRef = 041B7B102A16D5E0000110AA /* LaunchScreen.storyboard */; };
		041B7B1D2A16D5E0000110AA /* SportsAppTests.swift in Sources */ = {isa = PBXBuildFile; fileRef = 041B7B1C2A16D5E0000110AA /* SportsAppTests.swift */; };
		041B7B272A16D5E0000110AA /* SportsAppUITests.swift in Sources */ = {isa = PBXBuildFile; fileRef = 041B7B262A16D5E0000110AA /* SportsAppUITests.swift */; };
		041B7B292A16D5E0000110AA /* SportsAppUITestsLaunchTests.swift in Sources */ = {isa = PBXBuildFile; fileRef = 041B7B282A16D5E0000110AA /* SportsAppUITestsLaunchTests.swift */; };
		041B7B392A16D8D7000110AA /* HomeViewController.swift in Sources */ = {isa = PBXBuildFile; fileRef = 041B7B382A16D8D7000110AA /* HomeViewController.swift */; };
		041B7B3B2A16D8E4000110AA /* FavouriteViewController.swift in Sources */ = {isa = PBXBuildFile; fileRef = 041B7B3A2A16D8E4000110AA /* FavouriteViewController.swift */; };
		041B7B3F2A16DC7E000110AA /* HomeCollectionViewCell.swift in Sources */ = {isa = PBXBuildFile; fileRef = 041B7B3E2A16DC7E000110AA /* HomeCollectionViewCell.swift */; };
		041E632E2A261C4C00E1381D /* TeamViewController.swift in Sources */ = {isa = PBXBuildFile; fileRef = 041E632D2A261C4C00E1381D /* TeamViewController.swift */; };
		041E63322A26215700E1381D /* TeamRsponse.swift in Sources */ = {isa = PBXBuildFile; fileRef = 041E63312A26215700E1381D /* TeamRsponse.swift */; };
		041E63342A26239700E1381D /* TeamViewModel.swift in Sources */ = {isa = PBXBuildFile; fileRef = 041E63332A26239700E1381D /* TeamViewModel.swift */; };
		041E9B0E2A1856C100608962 /* cricket.json in Resources */ = {isa = PBXBuildFile; fileRef = 041E9B0D2A1856C000608962 /* cricket.json */; };
		044FF5672A17753D006B9160 /* LeaguesResponse.swift in Sources */ = {isa = PBXBuildFile; fileRef = 044FF5662A17753D006B9160 /* LeaguesResponse.swift */; };
		046D3CC72A265AC3000785DB /* LegueApiResponse.json in Resources */ = {isa = PBXBuildFile; fileRef = 046D3CC62A265AC3000785DB /* LegueApiResponse.json */; };
		046D3CCB2A265C02000785DB /* LeguesBundle.swift in Sources */ = {isa = PBXBuildFile; fileRef = 046D3CCA2A265C02000785DB /* LeguesBundle.swift */; };
		046D3CCD2A265CE1000785DB /* LeguesApiTest.swift in Sources */ = {isa = PBXBuildFile; fileRef = 046D3CCC2A265CE1000785DB /* LeguesApiTest.swift */; };
		047A40BE2A256909003AA838 /* LegueTableViewCell.swift in Sources */ = {isa = PBXBuildFile; fileRef = 047A40BC2A256909003AA838 /* LegueTableViewCell.swift */; };
		047A40BF2A256909003AA838 /* LegueTableViewCell.xib in Resources */ = {isa = PBXBuildFile; fileRef = 047A40BD2A256909003AA838 /* LegueTableViewCell.xib */; };
		047A40C12A257090003AA838 /* favouriteViewModel.swift in Sources */ = {isa = PBXBuildFile; fileRef = 047A40C02A257090003AA838 /* favouriteViewModel.swift */; };
		047A40C42A257569003AA838 /* LocalDbManager.swift in Sources */ = {isa = PBXBuildFile; fileRef = 047A40C32A257569003AA838 /* LocalDbManager.swift */; };
		047E21972A1EA09F003E29C6 /* LegueViewModel.swift in Sources */ = {isa = PBXBuildFile; fileRef = 047E21962A1EA09F003E29C6 /* LegueViewModel.swift */; };
		04CAEA832A1B962A00462F8D /* LeguesDetails.swift in Sources */ = {isa = PBXBuildFile; fileRef = 04CAEA822A1B962A00462F8D /* LeguesDetails.swift */; };
		04CAEA8C2A1B998300462F8D /* UpComingEventCell.swift in Sources */ = {isa = PBXBuildFile; fileRef = 04CAEA8B2A1B998300462F8D /* UpComingEventCell.swift */; };
		04CAEA8E2A1B999800462F8D /* LatestResultCell.swift in Sources */ = {isa = PBXBuildFile; fileRef = 04CAEA8D2A1B999700462F8D /* LatestResultCell.swift */; };
		04CAEA902A1B99A800462F8D /* teamCell.swift in Sources */ = {isa = PBXBuildFile; fileRef = 04CAEA8F2A1B99A800462F8D /* teamCell.swift */; };
		0E86628B27C87437F0FFE48F /* Pods_SportsAppTests.framework in Frameworks */ = {isa = PBXBuildFile; fileRef = E89326D612F94EC14F6AABD7 /* Pods_SportsAppTests.framework */; };
		851E02CAEAFB51E8F0F6A20C /* Pods_SportsApp_SportsAppUITests.framework in Frameworks */ = {isa = PBXBuildFile; fileRef = DE0A6FEBC54953E4B081F3E2 /* Pods_SportsApp_SportsAppUITests.framework */; };
		CEF0FFB155A94EEF9E2EFFD7 /* Pods_SportsApp.framework in Frameworks */ = {isa = PBXBuildFile; fileRef = 39F659751F0DDF554DC8E10B /* Pods_SportsApp.framework */; };
/* End PBXBuildFile section */

/* Begin PBXContainerItemProxy section */
		041B7B192A16D5E0000110AA /* PBXContainerItemProxy */ = {
			isa = PBXContainerItemProxy;
			containerPortal = 041B7AF72A16D5DE000110AA /* Project object */;
			proxyType = 1;
			remoteGlobalIDString = 041B7AFE2A16D5DE000110AA;
			remoteInfo = SportsApp;
		};
		041B7B232A16D5E0000110AA /* PBXContainerItemProxy */ = {
			isa = PBXContainerItemProxy;
			containerPortal = 041B7AF72A16D5DE000110AA /* Project object */;
			proxyType = 1;
			remoteGlobalIDString = 041B7AFE2A16D5DE000110AA;
			remoteInfo = SportsApp;
		};
/* End PBXContainerItemProxy section */

/* Begin PBXFileReference section */
		038A280618933DED583EBE97 /* Pods-SportsApp-SportsAppUITests.debug.xcconfig */ = {isa = PBXFileReference; includeInIndex = 1; lastKnownFileType = text.xcconfig; name = "Pods-SportsApp-SportsAppUITests.debug.xcconfig"; path = "Target Support Files/Pods-SportsApp-SportsAppUITests/Pods-SportsApp-SportsAppUITests.debug.xcconfig"; sourceTree = "<group>"; };
		0418FD812A1D0E940066F338 /* ViewModel.swift */ = {isa = PBXFileReference; lastKnownFileType = sourcecode.swift; path = ViewModel.swift; sourceTree = "<group>"; };
		0419A6082A17806C00C161CB /* Utilites.swift */ = {isa = PBXFileReference; lastKnownFileType = sourcecode.swift; path = Utilites.swift; sourceTree = "<group>"; };
		0419A60F2A17897700C161CB /* football.json */ = {isa = PBXFileReference; fileEncoding = 4; lastKnownFileType = text.json; path = football.json; sourceTree = "<group>"; };
		0419A6162A17B35000C161CB /* tennis.json */ = {isa = PBXFileReference; fileEncoding = 4; lastKnownFileType = text.json; path = tennis.json; sourceTree = "<group>"; };
		0419A6182A17B35C00C161CB /* basketball.json */ = {isa = PBXFileReference; fileEncoding = 4; lastKnownFileType = text.json; path = basketball.json; sourceTree = "<group>"; };
		0419A61A2A17BAED00C161CB /* LeguesViewController.swift */ = {isa = PBXFileReference; lastKnownFileType = sourcecode.swift; path = LeguesViewController.swift; sourceTree = "<group>"; };
		0419ADAC2A1C45FD00FEDF7D /* UpComingEventsPojo.swift */ = {isa = PBXFileReference; lastKnownFileType = sourcecode.swift; path = UpComingEventsPojo.swift; sourceTree = "<group>"; };
		041A96202A1D471600E116DD /* NetworkManager.swift */ = {isa = PBXFileReference; lastKnownFileType = sourcecode.swift; path = NetworkManager.swift; sourceTree = "<group>"; };
		041B7AFF2A16D5DE000110AA /* SportsApp.app */ = {isa = PBXFileReference; explicitFileType = wrapper.application; includeInIndex = 0; path = SportsApp.app; sourceTree = BUILT_PRODUCTS_DIR; };
		041B7B022A16D5DE000110AA /* AppDelegate.swift */ = {isa = PBXFileReference; lastKnownFileType = sourcecode.swift; path = AppDelegate.swift; sourceTree = "<group>"; };
		041B7B042A16D5DE000110AA /* SceneDelegate.swift */ = {isa = PBXFileReference; lastKnownFileType = sourcecode.swift; path = SceneDelegate.swift; sourceTree = "<group>"; };
		041B7B092A16D5DE000110AA /* Base */ = {isa = PBXFileReference; lastKnownFileType = file.storyboard; name = Base; path = Base.lproj/Main.storyboard; sourceTree = "<group>"; };
		041B7B0C2A16D5DE000110AA /* SportsApp.xcdatamodel */ = {isa = PBXFileReference; lastKnownFileType = wrapper.xcdatamodel; path = SportsApp.xcdatamodel; sourceTree = "<group>"; };
		041B7B0E2A16D5E0000110AA /* Assets.xcassets */ = {isa = PBXFileReference; lastKnownFileType = folder.assetcatalog; path = Assets.xcassets; sourceTree = "<group>"; };
		041B7B112A16D5E0000110AA /* Base */ = {isa = PBXFileReference; lastKnownFileType = file.storyboard; name = Base; path = Base.lproj/LaunchScreen.storyboard; sourceTree = "<group>"; };
		041B7B132A16D5E0000110AA /* Info.plist */ = {isa = PBXFileReference; lastKnownFileType = text.plist.xml; path = Info.plist; sourceTree = "<group>"; };
		041B7B182A16D5E0000110AA /* SportsAppTests.xctest */ = {isa = PBXFileReference; explicitFileType = wrapper.cfbundle; includeInIndex = 0; path = SportsAppTests.xctest; sourceTree = BUILT_PRODUCTS_DIR; };
		041B7B1C2A16D5E0000110AA /* SportsAppTests.swift */ = {isa = PBXFileReference; lastKnownFileType = sourcecode.swift; path = SportsAppTests.swift; sourceTree = "<group>"; };
		041B7B222A16D5E0000110AA /* SportsAppUITests.xctest */ = {isa = PBXFileReference; explicitFileType = wrapper.cfbundle; includeInIndex = 0; path = SportsAppUITests.xctest; sourceTree = BUILT_PRODUCTS_DIR; };
		041B7B262A16D5E0000110AA /* SportsAppUITests.swift */ = {isa = PBXFileReference; lastKnownFileType = sourcecode.swift; path = SportsAppUITests.swift; sourceTree = "<group>"; };
		041B7B282A16D5E0000110AA /* SportsAppUITestsLaunchTests.swift */ = {isa = PBXFileReference; lastKnownFileType = sourcecode.swift; path = SportsAppUITestsLaunchTests.swift; sourceTree = "<group>"; };
		041B7B382A16D8D7000110AA /* HomeViewController.swift */ = {isa = PBXFileReference; lastKnownFileType = sourcecode.swift; path = HomeViewController.swift; sourceTree = "<group>"; };
		041B7B3A2A16D8E4000110AA /* FavouriteViewController.swift */ = {isa = PBXFileReference; lastKnownFileType = sourcecode.swift; path = FavouriteViewController.swift; sourceTree = "<group>"; };
		041B7B3E2A16DC7E000110AA /* HomeCollectionViewCell.swift */ = {isa = PBXFileReference; lastKnownFileType = sourcecode.swift; path = HomeCollectionViewCell.swift; sourceTree = "<group>"; };
		041E632D2A261C4C00E1381D /* TeamViewController.swift */ = {isa = PBXFileReference; lastKnownFileType = sourcecode.swift; path = TeamViewController.swift; sourceTree = "<group>"; };
		041E63312A26215700E1381D /* TeamRsponse.swift */ = {isa = PBXFileReference; lastKnownFileType = sourcecode.swift; path = TeamRsponse.swift; sourceTree = "<group>"; };
		041E63332A26239700E1381D /* TeamViewModel.swift */ = {isa = PBXFileReference; lastKnownFileType = sourcecode.swift; path = TeamViewModel.swift; sourceTree = "<group>"; };
		041E9B0D2A1856C000608962 /* cricket.json */ = {isa = PBXFileReference; fileEncoding = 4; lastKnownFileType = text.json; path = cricket.json; sourceTree = "<group>"; };
		044FF5662A17753D006B9160 /* LeaguesResponse.swift */ = {isa = PBXFileReference; lastKnownFileType = sourcecode.swift; path = LeaguesResponse.swift; sourceTree = "<group>"; };
		046D3CC62A265AC3000785DB /* LegueApiResponse.json */ = {isa = PBXFileReference; lastKnownFileType = text.json; path = LegueApiResponse.json; sourceTree = "<group>"; };
		046D3CCA2A265C02000785DB /* LeguesBundle.swift */ = {isa = PBXFileReference; lastKnownFileType = sourcecode.swift; path = LeguesBundle.swift; sourceTree = "<group>"; };
		046D3CCC2A265CE1000785DB /* LeguesApiTest.swift */ = {isa = PBXFileReference; lastKnownFileType = sourcecode.swift; path = LeguesApiTest.swift; sourceTree = "<group>"; };
		047A40BC2A256909003AA838 /* LegueTableViewCell.swift */ = {isa = PBXFileReference; lastKnownFileType = sourcecode.swift; path = LegueTableViewCell.swift; sourceTree = "<group>"; };
		047A40BD2A256909003AA838 /* LegueTableViewCell.xib */ = {isa = PBXFileReference; lastKnownFileType = file.xib; path = LegueTableViewCell.xib; sourceTree = "<group>"; };
		047A40C02A257090003AA838 /* favouriteViewModel.swift */ = {isa = PBXFileReference; lastKnownFileType = sourcecode.swift; path = favouriteViewModel.swift; sourceTree = "<group>"; };
		047A40C32A257569003AA838 /* LocalDbManager.swift */ = {isa = PBXFileReference; lastKnownFileType = sourcecode.swift; path = LocalDbManager.swift; sourceTree = "<group>"; };
		047E21962A1EA09F003E29C6 /* LegueViewModel.swift */ = {isa = PBXFileReference; lastKnownFileType = sourcecode.swift; path = LegueViewModel.swift; sourceTree = "<group>"; };
		04CAEA822A1B962A00462F8D /* LeguesDetails.swift */ = {isa = PBXFileReference; lastKnownFileType = sourcecode.swift; path = LeguesDetails.swift; sourceTree = "<group>"; };
		04CAEA8B2A1B998300462F8D /* UpComingEventCell.swift */ = {isa = PBXFileReference; lastKnownFileType = sourcecode.swift; path = UpComingEventCell.swift; sourceTree = "<group>"; };
		04CAEA8D2A1B999700462F8D /* LatestResultCell.swift */ = {isa = PBXFileReference; lastKnownFileType = sourcecode.swift; path = LatestResultCell.swift; sourceTree = "<group>"; };
		04CAEA8F2A1B99A800462F8D /* teamCell.swift */ = {isa = PBXFileReference; lastKnownFileType = sourcecode.swift; path = teamCell.swift; sourceTree = "<group>"; };
		2038EC6A87D7185FB95E8C24 /* Pods-SportsAppTests.debug.xcconfig */ = {isa = PBXFileReference; includeInIndex = 1; lastKnownFileType = text.xcconfig; name = "Pods-SportsAppTests.debug.xcconfig"; path = "Target Support Files/Pods-SportsAppTests/Pods-SportsAppTests.debug.xcconfig"; sourceTree = "<group>"; };
		289CFE41A2D35999DF584D05 /* Pods-SportsAppTests.release.xcconfig */ = {isa = PBXFileReference; includeInIndex = 1; lastKnownFileType = text.xcconfig; name = "Pods-SportsAppTests.release.xcconfig"; path = "Target Support Files/Pods-SportsAppTests/Pods-SportsAppTests.release.xcconfig"; sourceTree = "<group>"; };
		39F659751F0DDF554DC8E10B /* Pods_SportsApp.framework */ = {isa = PBXFileReference; explicitFileType = wrapper.framework; includeInIndex = 0; path = Pods_SportsApp.framework; sourceTree = BUILT_PRODUCTS_DIR; };
		765BC59F94A3E8B219B9CCFA /* Pods-SportsApp.debug.xcconfig */ = {isa = PBXFileReference; includeInIndex = 1; lastKnownFileType = text.xcconfig; name = "Pods-SportsApp.debug.xcconfig"; path = "Target Support Files/Pods-SportsApp/Pods-SportsApp.debug.xcconfig"; sourceTree = "<group>"; };
		9A75647372DE581B53FDBC48 /* Pods-SportsApp-SportsAppUITests.release.xcconfig */ = {isa = PBXFileReference; includeInIndex = 1; lastKnownFileType = text.xcconfig; name = "Pods-SportsApp-SportsAppUITests.release.xcconfig"; path = "Target Support Files/Pods-SportsApp-SportsAppUITests/Pods-SportsApp-SportsAppUITests.release.xcconfig"; sourceTree = "<group>"; };
		CC8935B04B7A62A9A42CD06B /* Pods-SportsApp.release.xcconfig */ = {isa = PBXFileReference; includeInIndex = 1; lastKnownFileType = text.xcconfig; name = "Pods-SportsApp.release.xcconfig"; path = "Target Support Files/Pods-SportsApp/Pods-SportsApp.release.xcconfig"; sourceTree = "<group>"; };
		DE0A6FEBC54953E4B081F3E2 /* Pods_SportsApp_SportsAppUITests.framework */ = {isa = PBXFileReference; explicitFileType = wrapper.framework; includeInIndex = 0; path = Pods_SportsApp_SportsAppUITests.framework; sourceTree = BUILT_PRODUCTS_DIR; };
		E89326D612F94EC14F6AABD7 /* Pods_SportsAppTests.framework */ = {isa = PBXFileReference; explicitFileType = wrapper.framework; includeInIndex = 0; path = Pods_SportsAppTests.framework; sourceTree = BUILT_PRODUCTS_DIR; };
/* End PBXFileReference section */

/* Begin PBXFrameworksBuildPhase section */
		041B7AFC2A16D5DE000110AA /* Frameworks */ = {
			isa = PBXFrameworksBuildPhase;
			buildActionMask = 2147483647;
			files = (
				CEF0FFB155A94EEF9E2EFFD7 /* Pods_SportsApp.framework in Frameworks */,
				0419A60E2A17872000C161CB /* Lottie in Frameworks */,
			);
			runOnlyForDeploymentPostprocessing = 0;
		};
		041B7B152A16D5E0000110AA /* Frameworks */ = {
			isa = PBXFrameworksBuildPhase;
			buildActionMask = 2147483647;
			files = (
				0E86628B27C87437F0FFE48F /* Pods_SportsAppTests.framework in Frameworks */,
			);
			runOnlyForDeploymentPostprocessing = 0;
		};
		041B7B1F2A16D5E0000110AA /* Frameworks */ = {
			isa = PBXFrameworksBuildPhase;
			buildActionMask = 2147483647;
			files = (
				851E02CAEAFB51E8F0F6A20C /* Pods_SportsApp_SportsAppUITests.framework in Frameworks */,
			);
			runOnlyForDeploymentPostprocessing = 0;
		};
/* End PBXFrameworksBuildPhase section */

/* Begin PBXGroup section */
		0418FD832A1D10ED0066F338 /* ViewModel */ = {
			isa = PBXGroup;
			children = (
				0418FD812A1D0E940066F338 /* ViewModel.swift */,
			);
			path = ViewModel;
			sourceTree = "<group>";
		};
		0419A6072A17804500C161CB /* view */ = {
			isa = PBXGroup;
			children = (
				041B7B082A16D5DE000110AA /* Main.storyboard */,
			);
			path = view;
			sourceTree = "<group>";
		};
		0419A60B2A17848300C161CB /* view */ = {
			isa = PBXGroup;
			children = (
				0419A61A2A17BAED00C161CB /* LeguesViewController.swift */,
			);
			path = view;
			sourceTree = "<group>";
		};
		0419A6112A1789A000C161CB /* Lotties */ = {
			isa = PBXGroup;
			children = (
				041E9B0D2A1856C000608962 /* cricket.json */,
				0419A6182A17B35C00C161CB /* basketball.json */,
				0419A6162A17B35000C161CB /* tennis.json */,
				0419A60F2A17897700C161CB /* football.json */,
			);
			path = Lotties;
			sourceTree = "<group>";
		};
		041B7AF62A16D5DE000110AA = {
			isa = PBXGroup;
			children = (
				041B7B012A16D5DE000110AA /* SportsApp */,
				041B7B1B2A16D5E0000110AA /* SportsAppTests */,
				041B7B252A16D5E0000110AA /* SportsAppUITests */,
				041B7B002A16D5DE000110AA /* Products */,
				2EDAF1ADC32E0084EC6757D4 /* Pods */,
				46C3012DCA0624B9A0347C40 /* Frameworks */,
			);
			sourceTree = "<group>";
		};
		041B7B002A16D5DE000110AA /* Products */ = {
			isa = PBXGroup;
			children = (
				041B7AFF2A16D5DE000110AA /* SportsApp.app */,
				041B7B182A16D5E0000110AA /* SportsAppTests.xctest */,
				041B7B222A16D5E0000110AA /* SportsAppUITests.xctest */,
			);
			name = Products;
			sourceTree = "<group>";
		};
		041B7B012A16D5DE000110AA /* SportsApp */ = {
			isa = PBXGroup;
			children = (
				041E632B2A261C0A00E1381D /* Team */,
				047A40C22A25754D003AA838 /* db */,
				047A40BB2A2568EA003AA838 /* Xibs */,
				047E21902A1E9E6C003E29C6 /* Leguedetails */,
				047E218F2A1E9E63003E29C6 /* Legues */,
				044FF5642A1774D7006B9160 /* Networking */,
				041B7B372A16D8BA000110AA /* Common */,
				041B7B362A16D8AD000110AA /* Favourites */,
				041B7B352A16D8A0000110AA /* Home */,
				041B7B022A16D5DE000110AA /* AppDelegate.swift */,
				041B7B0E2A16D5E0000110AA /* Assets.xcassets */,
				041B7B102A16D5E0000110AA /* LaunchScreen.storyboard */,
				041B7B132A16D5E0000110AA /* Info.plist */,
				041B7B0B2A16D5DE000110AA /* SportsApp.xcdatamodeld */,
			);
			path = SportsApp;
			sourceTree = "<group>";
		};
		041B7B1B2A16D5E0000110AA /* SportsAppTests */ = {
			isa = PBXGroup;
			children = (
				041B7B1C2A16D5E0000110AA /* SportsAppTests.swift */,
				046D3CC62A265AC3000785DB /* LegueApiResponse.json */,
				046D3CCA2A265C02000785DB /* LeguesBundle.swift */,
				046D3CCC2A265CE1000785DB /* LeguesApiTest.swift */,
			);
			path = SportsAppTests;
			sourceTree = "<group>";
		};
		041B7B252A16D5E0000110AA /* SportsAppUITests */ = {
			isa = PBXGroup;
			children = (
				041B7B262A16D5E0000110AA /* SportsAppUITests.swift */,
				041B7B282A16D5E0000110AA /* SportsAppUITestsLaunchTests.swift */,
			);
			path = SportsAppUITests;
			sourceTree = "<group>";
		};
		041B7B352A16D8A0000110AA /* Home */ = {
			isa = PBXGroup;
			children = (
				041B7B412A16DC8F000110AA /* View */,
			);
			path = Home;
			sourceTree = "<group>";
		};
		041B7B362A16D8AD000110AA /* Favourites */ = {
			isa = PBXGroup;
			children = (
				047A40C52A257FC8003AA838 /* ViewModel */,
				041B7B402A16DC81000110AA /* View */,
			);
			path = Favourites;
			sourceTree = "<group>";
		};
		041B7B372A16D8BA000110AA /* Common */ = {
			isa = PBXGroup;
			children = (
				0419A6112A1789A000C161CB /* Lotties */,
				0419A6072A17804500C161CB /* view */,
				0419A6082A17806C00C161CB /* Utilites.swift */,
			);
			path = Common;
			sourceTree = "<group>";
		};
		041B7B402A16DC81000110AA /* View */ = {
			isa = PBXGroup;
			children = (
				041B7B3A2A16D8E4000110AA /* FavouriteViewController.swift */,
			);
			path = View;
			sourceTree = "<group>";
		};
		041B7B412A16DC8F000110AA /* View */ = {
			isa = PBXGroup;
			children = (
				041B7B3E2A16DC7E000110AA /* HomeCollectionViewCell.swift */,
				041B7B382A16D8D7000110AA /* HomeViewController.swift */,
			);
			path = View;
			sourceTree = "<group>";
		};
		041E632B2A261C0A00E1381D /* Team */ = {
			isa = PBXGroup;
			children = (
				041E63302A261C6400E1381D /* Model */,
				041B7B042A16D5DE000110AA /* SceneDelegate.swift */,
				041E632F2A261C5100E1381D /* ViewModel */,
				041E632C2A261C1C00E1381D /* View */,
			);
			path = Team;
			sourceTree = "<group>";
		};
		041E632C2A261C1C00E1381D /* View */ = {
			isa = PBXGroup;
			children = (
				041E632D2A261C4C00E1381D /* TeamViewController.swift */,
			);
			path = View;
			sourceTree = "<group>";
		};
		041E632F2A261C5100E1381D /* ViewModel */ = {
			isa = PBXGroup;
			children = (
				041E63332A26239700E1381D /* TeamViewModel.swift */,
			);
			path = ViewModel;
			sourceTree = "<group>";
		};
		041E63302A261C6400E1381D /* Model */ = {
			isa = PBXGroup;
			children = (
				041E63312A26215700E1381D /* TeamRsponse.swift */,
			);
			path = Model;
			sourceTree = "<group>";
		};
		04210FFF2A1807840012B045 /* model */ = {
			isa = PBXGroup;
			children = (
				044FF5662A17753D006B9160 /* LeaguesResponse.swift */,
			);
			path = model;
			sourceTree = "<group>";
		};
		044FF5642A1774D7006B9160 /* Networking */ = {
			isa = PBXGroup;
			children = (
				041A96202A1D471600E116DD /* NetworkManager.swift */,
			);
			path = Networking;
			sourceTree = "<group>";
		};
		047A40BB2A2568EA003AA838 /* Xibs */ = {
			isa = PBXGroup;
			children = (
				047A40BC2A256909003AA838 /* LegueTableViewCell.swift */,
				047A40BD2A256909003AA838 /* LegueTableViewCell.xib */,
			);
			path = Xibs;
			sourceTree = "<group>";
		};
		047A40C22A25754D003AA838 /* db */ = {
			isa = PBXGroup;
			children = (
				047A40C32A257569003AA838 /* LocalDbManager.swift */,
			);
			path = db;
			sourceTree = "<group>";
		};
		047A40C52A257FC8003AA838 /* ViewModel */ = {
			isa = PBXGroup;
			children = (
				047A40C02A257090003AA838 /* favouriteViewModel.swift */,
			);
			path = ViewModel;
			sourceTree = "<group>";
		};
		047E218F2A1E9E63003E29C6 /* Legues */ = {
			isa = PBXGroup;
			children = (
				047E21932A1E9F13003E29C6 /* ViewMode */,
				0419A60B2A17848300C161CB /* view */,
				04210FFF2A1807840012B045 /* model */,
			);
			path = Legues;
			sourceTree = "<group>";
		};
		047E21902A1E9E6C003E29C6 /* Leguedetails */ = {
			isa = PBXGroup;
			children = (
				0418FD832A1D10ED0066F338 /* ViewModel */,
				047E21922A1E9EAB003E29C6 /* View */,
				047E21912A1E9E97003E29C6 /* Model */,
			);
			path = Leguedetails;
			sourceTree = "<group>";
		};
		047E21912A1E9E97003E29C6 /* Model */ = {
			isa = PBXGroup;
			children = (
				0419ADAC2A1C45FD00FEDF7D /* UpComingEventsPojo.swift */,
			);
			path = Model;
			sourceTree = "<group>";
		};
		047E21922A1E9EAB003E29C6 /* View */ = {
			isa = PBXGroup;
			children = (
				04CAEA8F2A1B99A800462F8D /* teamCell.swift */,
				04CAEA8D2A1B999700462F8D /* LatestResultCell.swift */,
				04CAEA8B2A1B998300462F8D /* UpComingEventCell.swift */,
				04CAEA822A1B962A00462F8D /* LeguesDetails.swift */,
			);
			path = View;
			sourceTree = "<group>";
		};
		047E21932A1E9F13003E29C6 /* ViewMode */ = {
			isa = PBXGroup;
			children = (
				047E21962A1EA09F003E29C6 /* LegueViewModel.swift */,
			);
			path = ViewMode;
			sourceTree = "<group>";
		};
		2EDAF1ADC32E0084EC6757D4 /* Pods */ = {
			isa = PBXGroup;
			children = (
				765BC59F94A3E8B219B9CCFA /* Pods-SportsApp.debug.xcconfig */,
				CC8935B04B7A62A9A42CD06B /* Pods-SportsApp.release.xcconfig */,
				038A280618933DED583EBE97 /* Pods-SportsApp-SportsAppUITests.debug.xcconfig */,
				9A75647372DE581B53FDBC48 /* Pods-SportsApp-SportsAppUITests.release.xcconfig */,
				2038EC6A87D7185FB95E8C24 /* Pods-SportsAppTests.debug.xcconfig */,
				289CFE41A2D35999DF584D05 /* Pods-SportsAppTests.release.xcconfig */,
			);
			path = Pods;
			sourceTree = "<group>";
		};
		46C3012DCA0624B9A0347C40 /* Frameworks */ = {
			isa = PBXGroup;
			children = (
				39F659751F0DDF554DC8E10B /* Pods_SportsApp.framework */,
				DE0A6FEBC54953E4B081F3E2 /* Pods_SportsApp_SportsAppUITests.framework */,
				E89326D612F94EC14F6AABD7 /* Pods_SportsAppTests.framework */,
			);
			name = Frameworks;
			sourceTree = "<group>";
		};
/* End PBXGroup section */

/* Begin PBXNativeTarget section */
		041B7AFE2A16D5DE000110AA /* SportsApp */ = {
			isa = PBXNativeTarget;
			buildConfigurationList = 041B7B2C2A16D5E0000110AA /* Build configuration list for PBXNativeTarget "SportsApp" */;
			buildPhases = (
				F7E77CEDAFE6262E7426E550 /* [CP] Check Pods Manifest.lock */,
				041B7AFB2A16D5DE000110AA /* Sources */,
				041B7AFC2A16D5DE000110AA /* Frameworks */,
				041B7AFD2A16D5DE000110AA /* Resources */,
				68628E6DE2C76A055026FEFA /* [CP] Embed Pods Frameworks */,
			);
			buildRules = (
			);
			dependencies = (
			);
			name = SportsApp;
			packageProductDependencies = (
				0419A60D2A17872000C161CB /* Lottie */,
			);
			productName = SportsApp;
			productReference = 041B7AFF2A16D5DE000110AA /* SportsApp.app */;
			productType = "com.apple.product-type.application";
		};
		041B7B172A16D5E0000110AA /* SportsAppTests */ = {
			isa = PBXNativeTarget;
			buildConfigurationList = 041B7B2F2A16D5E0000110AA /* Build configuration list for PBXNativeTarget "SportsAppTests" */;
			buildPhases = (
				4CFA15BCB82B15CC5E34A691 /* [CP] Check Pods Manifest.lock */,
				041B7B142A16D5E0000110AA /* Sources */,
				041B7B152A16D5E0000110AA /* Frameworks */,
				041B7B162A16D5E0000110AA /* Resources */,
			);
			buildRules = (
			);
			dependencies = (
				041B7B1A2A16D5E0000110AA /* PBXTargetDependency */,
			);
			name = SportsAppTests;
			productName = SportsAppTests;
			productReference = 041B7B182A16D5E0000110AA /* SportsAppTests.xctest */;
			productType = "com.apple.product-type.bundle.unit-test";
		};
		041B7B212A16D5E0000110AA /* SportsAppUITests */ = {
			isa = PBXNativeTarget;
			buildConfigurationList = 041B7B322A16D5E0000110AA /* Build configuration list for PBXNativeTarget "SportsAppUITests" */;
			buildPhases = (
				B54821B4BA372F37FB77E61F /* [CP] Check Pods Manifest.lock */,
				041B7B1E2A16D5E0000110AA /* Sources */,
				041B7B1F2A16D5E0000110AA /* Frameworks */,
				041B7B202A16D5E0000110AA /* Resources */,
				220BB143C37999BE98EFCC96 /* [CP] Embed Pods Frameworks */,
			);
			buildRules = (
			);
			dependencies = (
				041B7B242A16D5E0000110AA /* PBXTargetDependency */,
			);
			name = SportsAppUITests;
			productName = SportsAppUITests;
			productReference = 041B7B222A16D5E0000110AA /* SportsAppUITests.xctest */;
			productType = "com.apple.product-type.bundle.ui-testing";
		};
/* End PBXNativeTarget section */

/* Begin PBXProject section */
		041B7AF72A16D5DE000110AA /* Project object */ = {
			isa = PBXProject;
			attributes = {
				BuildIndependentTargetsInParallel = 1;
				LastSwiftUpdateCheck = 1430;
				LastUpgradeCheck = 1430;
				TargetAttributes = {
					041B7AFE2A16D5DE000110AA = {
						CreatedOnToolsVersion = 14.3;
					};
					041B7B172A16D5E0000110AA = {
						CreatedOnToolsVersion = 14.3;
						TestTargetID = 041B7AFE2A16D5DE000110AA;
					};
					041B7B212A16D5E0000110AA = {
						CreatedOnToolsVersion = 14.3;
						TestTargetID = 041B7AFE2A16D5DE000110AA;
					};
				};
			};
			buildConfigurationList = 041B7AFA2A16D5DE000110AA /* Build configuration list for PBXProject "SportsApp" */;
			compatibilityVersion = "Xcode 14.0";
			developmentRegion = en;
			hasScannedForEncodings = 0;
			knownRegions = (
				en,
				Base,
			);
			mainGroup = 041B7AF62A16D5DE000110AA;
			packageReferences = (
				0419A60C2A17872000C161CB /* XCRemoteSwiftPackageReference "lottie-ios" */,
			);
			productRefGroup = 041B7B002A16D5DE000110AA /* Products */;
			projectDirPath = "";
			projectRoot = "";
			targets = (
				041B7AFE2A16D5DE000110AA /* SportsApp */,
				041B7B172A16D5E0000110AA /* SportsAppTests */,
				041B7B212A16D5E0000110AA /* SportsAppUITests */,
			);
		};
/* End PBXProject section */

/* Begin PBXResourcesBuildPhase section */
		041B7AFD2A16D5DE000110AA /* Resources */ = {
			isa = PBXResourcesBuildPhase;
			buildActionMask = 2147483647;
			files = (
				041B7B122A16D5E0000110AA /* LaunchScreen.storyboard in Resources */,
				0419A6172A17B35000C161CB /* tennis.json in Resources */,
				0419A6102A17897700C161CB /* football.json in Resources */,
				041E9B0E2A1856C100608962 /* cricket.json in Resources */,
				047A40BF2A256909003AA838 /* LegueTableViewCell.xib in Resources */,
				0419A6192A17B35C00C161CB /* basketball.json in Resources */,
				041B7B0F2A16D5E0000110AA /* Assets.xcassets in Resources */,
				041B7B0A2A16D5DE000110AA /* Main.storyboard in Resources */,
			);
			runOnlyForDeploymentPostprocessing = 0;
		};
		041B7B162A16D5E0000110AA /* Resources */ = {
			isa = PBXResourcesBuildPhase;
			buildActionMask = 2147483647;
			files = (
				046D3CC72A265AC3000785DB /* LegueApiResponse.json in Resources */,
			);
			runOnlyForDeploymentPostprocessing = 0;
		};
		041B7B202A16D5E0000110AA /* Resources */ = {
			isa = PBXResourcesBuildPhase;
			buildActionMask = 2147483647;
			files = (
			);
			runOnlyForDeploymentPostprocessing = 0;
		};
/* End PBXResourcesBuildPhase section */

/* Begin PBXShellScriptBuildPhase section */
		220BB143C37999BE98EFCC96 /* [CP] Embed Pods Frameworks */ = {
			isa = PBXShellScriptBuildPhase;
			buildActionMask = 2147483647;
			files = (
			);
			inputFileListPaths = (
				"${PODS_ROOT}/Target Support Files/Pods-SportsApp-SportsAppUITests/Pods-SportsApp-SportsAppUITests-frameworks-${CONFIGURATION}-input-files.xcfilelist",
			);
			name = "[CP] Embed Pods Frameworks";
			outputFileListPaths = (
				"${PODS_ROOT}/Target Support Files/Pods-SportsApp-SportsAppUITests/Pods-SportsApp-SportsAppUITests-frameworks-${CONFIGURATION}-output-files.xcfilelist",
			);
			runOnlyForDeploymentPostprocessing = 0;
			shellPath = /bin/sh;
			shellScript = "\"${PODS_ROOT}/Target Support Files/Pods-SportsApp-SportsAppUITests/Pods-SportsApp-SportsAppUITests-frameworks.sh\"\n";
			showEnvVarsInLog = 0;
		};
		4CFA15BCB82B15CC5E34A691 /* [CP] Check Pods Manifest.lock */ = {
			isa = PBXShellScriptBuildPhase;
			buildActionMask = 2147483647;
			files = (
			);
			inputFileListPaths = (
			);
			inputPaths = (
				"${PODS_PODFILE_DIR_PATH}/Podfile.lock",
				"${PODS_ROOT}/Manifest.lock",
			);
			name = "[CP] Check Pods Manifest.lock";
			outputFileListPaths = (
			);
			outputPaths = (
				"$(DERIVED_FILE_DIR)/Pods-SportsAppTests-checkManifestLockResult.txt",
			);
			runOnlyForDeploymentPostprocessing = 0;
			shellPath = /bin/sh;
			shellScript = "diff \"${PODS_PODFILE_DIR_PATH}/Podfile.lock\" \"${PODS_ROOT}/Manifest.lock\" > /dev/null\nif [ $? != 0 ] ; then\n    # print error to STDERR\n    echo \"error: The sandbox is not in sync with the Podfile.lock. Run 'pod install' or update your CocoaPods installation.\" >&2\n    exit 1\nfi\n# This output is used by Xcode 'outputs' to avoid re-running this script phase.\necho \"SUCCESS\" > \"${SCRIPT_OUTPUT_FILE_0}\"\n";
			showEnvVarsInLog = 0;
		};
		68628E6DE2C76A055026FEFA /* [CP] Embed Pods Frameworks */ = {
			isa = PBXShellScriptBuildPhase;
			buildActionMask = 2147483647;
			files = (
			);
			inputFileListPaths = (
				"${PODS_ROOT}/Target Support Files/Pods-SportsApp/Pods-SportsApp-frameworks-${CONFIGURATION}-input-files.xcfilelist",
			);
			name = "[CP] Embed Pods Frameworks";
			outputFileListPaths = (
				"${PODS_ROOT}/Target Support Files/Pods-SportsApp/Pods-SportsApp-frameworks-${CONFIGURATION}-output-files.xcfilelist",
			);
			runOnlyForDeploymentPostprocessing = 0;
			shellPath = /bin/sh;
			shellScript = "\"${PODS_ROOT}/Target Support Files/Pods-SportsApp/Pods-SportsApp-frameworks.sh\"\n";
			showEnvVarsInLog = 0;
		};
		B54821B4BA372F37FB77E61F /* [CP] Check Pods Manifest.lock */ = {
			isa = PBXShellScriptBuildPhase;
			buildActionMask = 2147483647;
			files = (
			);
			inputFileListPaths = (
			);
			inputPaths = (
				"${PODS_PODFILE_DIR_PATH}/Podfile.lock",
				"${PODS_ROOT}/Manifest.lock",
			);
			name = "[CP] Check Pods Manifest.lock";
			outputFileListPaths = (
			);
			outputPaths = (
				"$(DERIVED_FILE_DIR)/Pods-SportsApp-SportsAppUITests-checkManifestLockResult.txt",
			);
			runOnlyForDeploymentPostprocessing = 0;
			shellPath = /bin/sh;
			shellScript = "diff \"${PODS_PODFILE_DIR_PATH}/Podfile.lock\" \"${PODS_ROOT}/Manifest.lock\" > /dev/null\nif [ $? != 0 ] ; then\n    # print error to STDERR\n    echo \"error: The sandbox is not in sync with the Podfile.lock. Run 'pod install' or update your CocoaPods installation.\" >&2\n    exit 1\nfi\n# This output is used by Xcode 'outputs' to avoid re-running this script phase.\necho \"SUCCESS\" > \"${SCRIPT_OUTPUT_FILE_0}\"\n";
			showEnvVarsInLog = 0;
		};
		F7E77CEDAFE6262E7426E550 /* [CP] Check Pods Manifest.lock */ = {
			isa = PBXShellScriptBuildPhase;
			buildActionMask = 2147483647;
			files = (
			);
			inputFileListPaths = (
			);
			inputPaths = (
				"${PODS_PODFILE_DIR_PATH}/Podfile.lock",
				"${PODS_ROOT}/Manifest.lock",
			);
			name = "[CP] Check Pods Manifest.lock";
			outputFileListPaths = (
			);
			outputPaths = (
				"$(DERIVED_FILE_DIR)/Pods-SportsApp-checkManifestLockResult.txt",
			);
			runOnlyForDeploymentPostprocessing = 0;
			shellPath = /bin/sh;
			shellScript = "diff \"${PODS_PODFILE_DIR_PATH}/Podfile.lock\" \"${PODS_ROOT}/Manifest.lock\" > /dev/null\nif [ $? != 0 ] ; then\n    # print error to STDERR\n    echo \"error: The sandbox is not in sync with the Podfile.lock. Run 'pod install' or update your CocoaPods installation.\" >&2\n    exit 1\nfi\n# This output is used by Xcode 'outputs' to avoid re-running this script phase.\necho \"SUCCESS\" > \"${SCRIPT_OUTPUT_FILE_0}\"\n";
			showEnvVarsInLog = 0;
		};
/* End PBXShellScriptBuildPhase section */

/* Begin PBXSourcesBuildPhase section */
		041B7AFB2A16D5DE000110AA /* Sources */ = {
			isa = PBXSourcesBuildPhase;
			buildActionMask = 2147483647;
			files = (
				047E21972A1EA09F003E29C6 /* LegueViewModel.swift in Sources */,
				041A96212A1D471600E116DD /* NetworkManager.swift in Sources */,
				044FF5672A17753D006B9160 /* LeaguesResponse.swift in Sources */,
				0418FD822A1D0E940066F338 /* ViewModel.swift in Sources */,
				047A40C42A257569003AA838 /* LocalDbManager.swift in Sources */,
				04CAEA832A1B962A00462F8D /* LeguesDetails.swift in Sources */,
				0419ADAD2A1C45FD00FEDF7D /* UpComingEventsPojo.swift in Sources */,
				041B7B3F2A16DC7E000110AA /* HomeCollectionViewCell.swift in Sources */,
				041E63342A26239700E1381D /* TeamViewModel.swift in Sources */,
				047A40BE2A256909003AA838 /* LegueTableViewCell.swift in Sources */,
				04CAEA902A1B99A800462F8D /* teamCell.swift in Sources */,
				04CAEA8C2A1B998300462F8D /* UpComingEventCell.swift in Sources */,
				047A40C12A257090003AA838 /* favouriteViewModel.swift in Sources */,
				041B7B392A16D8D7000110AA /* HomeViewController.swift in Sources */,
				041E632E2A261C4C00E1381D /* TeamViewController.swift in Sources */,
				041B7B032A16D5DE000110AA /* AppDelegate.swift in Sources */,
				041E63322A26215700E1381D /* TeamRsponse.swift in Sources */,
				041B7B0D2A16D5DE000110AA /* SportsApp.xcdatamodeld in Sources */,
				041B7B3B2A16D8E4000110AA /* FavouriteViewController.swift in Sources */,
				041B7B052A16D5DE000110AA /* SceneDelegate.swift in Sources */,
				0419A6092A17806C00C161CB /* Utilites.swift in Sources */,
				04CAEA8E2A1B999800462F8D /* LatestResultCell.swift in Sources */,
				0419A61B2A17BAED00C161CB /* LeguesViewController.swift in Sources */,
			);
			runOnlyForDeploymentPostprocessing = 0;
		};
		041B7B142A16D5E0000110AA /* Sources */ = {
			isa = PBXSourcesBuildPhase;
			buildActionMask = 2147483647;
			files = (
				046D3CCD2A265CE1000785DB /* LeguesApiTest.swift in Sources */,
				046D3CCB2A265C02000785DB /* LeguesBundle.swift in Sources */,
				041B7B1D2A16D5E0000110AA /* SportsAppTests.swift in Sources */,
			);
			runOnlyForDeploymentPostprocessing = 0;
		};
		041B7B1E2A16D5E0000110AA /* Sources */ = {
			isa = PBXSourcesBuildPhase;
			buildActionMask = 2147483647;
			files = (
				041B7B272A16D5E0000110AA /* SportsAppUITests.swift in Sources */,
				041B7B292A16D5E0000110AA /* SportsAppUITestsLaunchTests.swift in Sources */,
			);
			runOnlyForDeploymentPostprocessing = 0;
		};
/* End PBXSourcesBuildPhase section */

/* Begin PBXTargetDependency section */
		041B7B1A2A16D5E0000110AA /* PBXTargetDependency */ = {
			isa = PBXTargetDependency;
			target = 041B7AFE2A16D5DE000110AA /* SportsApp */;
			targetProxy = 041B7B192A16D5E0000110AA /* PBXContainerItemProxy */;
		};
		041B7B242A16D5E0000110AA /* PBXTargetDependency */ = {
			isa = PBXTargetDependency;
			target = 041B7AFE2A16D5DE000110AA /* SportsApp */;
			targetProxy = 041B7B232A16D5E0000110AA /* PBXContainerItemProxy */;
		};
/* End PBXTargetDependency section */

/* Begin PBXVariantGroup section */
		041B7B082A16D5DE000110AA /* Main.storyboard */ = {
			isa = PBXVariantGroup;
			children = (
				041B7B092A16D5DE000110AA /* Base */,
			);
			name = Main.storyboard;
			sourceTree = "<group>";
		};
		041B7B102A16D5E0000110AA /* LaunchScreen.storyboard */ = {
			isa = PBXVariantGroup;
			children = (
				041B7B112A16D5E0000110AA /* Base */,
			);
			name = LaunchScreen.storyboard;
			sourceTree = "<group>";
		};
/* End PBXVariantGroup section */

/* Begin XCBuildConfiguration section */
		041B7B2A2A16D5E0000110AA /* Debug */ = {
			isa = XCBuildConfiguration;
			buildSettings = {
				ALWAYS_SEARCH_USER_PATHS = NO;
				CLANG_ANALYZER_NONNULL = YES;
				CLANG_ANALYZER_NUMBER_OBJECT_CONVERSION = YES_AGGRESSIVE;
				CLANG_CXX_LANGUAGE_STANDARD = "gnu++20";
				CLANG_ENABLE_MODULES = YES;
				CLANG_ENABLE_OBJC_ARC = YES;
				CLANG_ENABLE_OBJC_WEAK = YES;
				CLANG_WARN_BLOCK_CAPTURE_AUTORELEASING = YES;
				CLANG_WARN_BOOL_CONVERSION = YES;
				CLANG_WARN_COMMA = YES;
				CLANG_WARN_CONSTANT_CONVERSION = YES;
				CLANG_WARN_DEPRECATED_OBJC_IMPLEMENTATIONS = YES;
				CLANG_WARN_DIRECT_OBJC_ISA_USAGE = YES_ERROR;
				CLANG_WARN_DOCUMENTATION_COMMENTS = YES;
				CLANG_WARN_EMPTY_BODY = YES;
				CLANG_WARN_ENUM_CONVERSION = YES;
				CLANG_WARN_INFINITE_RECURSION = YES;
				CLANG_WARN_INT_CONVERSION = YES;
				CLANG_WARN_NON_LITERAL_NULL_CONVERSION = YES;
				CLANG_WARN_OBJC_IMPLICIT_RETAIN_SELF = YES;
				CLANG_WARN_OBJC_LITERAL_CONVERSION = YES;
				CLANG_WARN_OBJC_ROOT_CLASS = YES_ERROR;
				CLANG_WARN_QUOTED_INCLUDE_IN_FRAMEWORK_HEADER = YES;
				CLANG_WARN_RANGE_LOOP_ANALYSIS = YES;
				CLANG_WARN_STRICT_PROTOTYPES = YES;
				CLANG_WARN_SUSPICIOUS_MOVE = YES;
				CLANG_WARN_UNGUARDED_AVAILABILITY = YES_AGGRESSIVE;
				CLANG_WARN_UNREACHABLE_CODE = YES;
				CLANG_WARN__DUPLICATE_METHOD_MATCH = YES;
				COPY_PHASE_STRIP = NO;
				DEBUG_INFORMATION_FORMAT = dwarf;
				ENABLE_STRICT_OBJC_MSGSEND = YES;
				ENABLE_TESTABILITY = YES;
				GCC_C_LANGUAGE_STANDARD = gnu11;
				GCC_DYNAMIC_NO_PIC = NO;
				GCC_NO_COMMON_BLOCKS = YES;
				GCC_OPTIMIZATION_LEVEL = 0;
				GCC_PREPROCESSOR_DEFINITIONS = (
					"DEBUG=1",
					"$(inherited)",
				);
				GCC_WARN_64_TO_32_BIT_CONVERSION = YES;
				GCC_WARN_ABOUT_RETURN_TYPE = YES_ERROR;
				GCC_WARN_UNDECLARED_SELECTOR = YES;
				GCC_WARN_UNINITIALIZED_AUTOS = YES_AGGRESSIVE;
				GCC_WARN_UNUSED_FUNCTION = YES;
				GCC_WARN_UNUSED_VARIABLE = YES;
				IPHONEOS_DEPLOYMENT_TARGET = 16.4;
				MTL_ENABLE_DEBUG_INFO = INCLUDE_SOURCE;
				MTL_FAST_MATH = YES;
				ONLY_ACTIVE_ARCH = YES;
				SDKROOT = iphoneos;
				SWIFT_ACTIVE_COMPILATION_CONDITIONS = DEBUG;
				SWIFT_OPTIMIZATION_LEVEL = "-Onone";
			};
			name = Debug;
		};
		041B7B2B2A16D5E0000110AA /* Release */ = {
			isa = XCBuildConfiguration;
			buildSettings = {
				ALWAYS_SEARCH_USER_PATHS = NO;
				CLANG_ANALYZER_NONNULL = YES;
				CLANG_ANALYZER_NUMBER_OBJECT_CONVERSION = YES_AGGRESSIVE;
				CLANG_CXX_LANGUAGE_STANDARD = "gnu++20";
				CLANG_ENABLE_MODULES = YES;
				CLANG_ENABLE_OBJC_ARC = YES;
				CLANG_ENABLE_OBJC_WEAK = YES;
				CLANG_WARN_BLOCK_CAPTURE_AUTORELEASING = YES;
				CLANG_WARN_BOOL_CONVERSION = YES;
				CLANG_WARN_COMMA = YES;
				CLANG_WARN_CONSTANT_CONVERSION = YES;
				CLANG_WARN_DEPRECATED_OBJC_IMPLEMENTATIONS = YES;
				CLANG_WARN_DIRECT_OBJC_ISA_USAGE = YES_ERROR;
				CLANG_WARN_DOCUMENTATION_COMMENTS = YES;
				CLANG_WARN_EMPTY_BODY = YES;
				CLANG_WARN_ENUM_CONVERSION = YES;
				CLANG_WARN_INFINITE_RECURSION = YES;
				CLANG_WARN_INT_CONVERSION = YES;
				CLANG_WARN_NON_LITERAL_NULL_CONVERSION = YES;
				CLANG_WARN_OBJC_IMPLICIT_RETAIN_SELF = YES;
				CLANG_WARN_OBJC_LITERAL_CONVERSION = YES;
				CLANG_WARN_OBJC_ROOT_CLASS = YES_ERROR;
				CLANG_WARN_QUOTED_INCLUDE_IN_FRAMEWORK_HEADER = YES;
				CLANG_WARN_RANGE_LOOP_ANALYSIS = YES;
				CLANG_WARN_STRICT_PROTOTYPES = YES;
				CLANG_WARN_SUSPICIOUS_MOVE = YES;
				CLANG_WARN_UNGUARDED_AVAILABILITY = YES_AGGRESSIVE;
				CLANG_WARN_UNREACHABLE_CODE = YES;
				CLANG_WARN__DUPLICATE_METHOD_MATCH = YES;
				COPY_PHASE_STRIP = NO;
				DEBUG_INFORMATION_FORMAT = "dwarf-with-dsym";
				ENABLE_NS_ASSERTIONS = NO;
				ENABLE_STRICT_OBJC_MSGSEND = YES;
				GCC_C_LANGUAGE_STANDARD = gnu11;
				GCC_NO_COMMON_BLOCKS = YES;
				GCC_WARN_64_TO_32_BIT_CONVERSION = YES;
				GCC_WARN_ABOUT_RETURN_TYPE = YES_ERROR;
				GCC_WARN_UNDECLARED_SELECTOR = YES;
				GCC_WARN_UNINITIALIZED_AUTOS = YES_AGGRESSIVE;
				GCC_WARN_UNUSED_FUNCTION = YES;
				GCC_WARN_UNUSED_VARIABLE = YES;
				IPHONEOS_DEPLOYMENT_TARGET = 16.4;
				MTL_ENABLE_DEBUG_INFO = NO;
				MTL_FAST_MATH = YES;
				SDKROOT = iphoneos;
				SWIFT_COMPILATION_MODE = wholemodule;
				SWIFT_OPTIMIZATION_LEVEL = "-O";
				VALIDATE_PRODUCT = YES;
			};
			name = Release;
		};
		041B7B2D2A16D5E0000110AA /* Debug */ = {
			isa = XCBuildConfiguration;
			baseConfigurationReference = 765BC59F94A3E8B219B9CCFA /* Pods-SportsApp.debug.xcconfig */;
			buildSettings = {
				ASSETCATALOG_COMPILER_APPICON_NAME = AppIcon;
				ASSETCATALOG_COMPILER_GLOBAL_ACCENT_COLOR_NAME = AccentColor;
				CODE_SIGN_STYLE = Automatic;
				CURRENT_PROJECT_VERSION = 1;
				DEVELOPMENT_TEAM = "";
				GENERATE_INFOPLIST_FILE = YES;
				INFOPLIST_FILE = SportsApp/Info.plist;
				INFOPLIST_KEY_UIApplicationSupportsIndirectInputEvents = YES;
				INFOPLIST_KEY_UILaunchStoryboardName = LaunchScreen;
				INFOPLIST_KEY_UIMainStoryboardFile = Main;
				INFOPLIST_KEY_UISupportedInterfaceOrientations_iPad = "UIInterfaceOrientationPortrait UIInterfaceOrientationPortraitUpsideDown UIInterfaceOrientationLandscapeLeft UIInterfaceOrientationLandscapeRight";
				INFOPLIST_KEY_UISupportedInterfaceOrientations_iPhone = "UIInterfaceOrientationPortrait UIInterfaceOrientationLandscapeLeft UIInterfaceOrientationLandscapeRight";
				IPHONEOS_DEPLOYMENT_TARGET = 16.4;
				LD_RUNPATH_SEARCH_PATHS = (
					"$(inherited)",
					"@executable_path/Frameworks",
				);
				MARKETING_VERSION = 1.0;
				PRODUCT_BUNDLE_IDENTIFIER = iti.SportsApp;
				PRODUCT_NAME = "$(TARGET_NAME)";
				SWIFT_EMIT_LOC_STRINGS = YES;
				SWIFT_VERSION = 5.0;
				TARGETED_DEVICE_FAMILY = "1,2";
			};
			name = Debug;
		};
		041B7B2E2A16D5E0000110AA /* Release */ = {
			isa = XCBuildConfiguration;
			baseConfigurationReference = CC8935B04B7A62A9A42CD06B /* Pods-SportsApp.release.xcconfig */;
			buildSettings = {
				ASSETCATALOG_COMPILER_APPICON_NAME = AppIcon;
				ASSETCATALOG_COMPILER_GLOBAL_ACCENT_COLOR_NAME = AccentColor;
				CODE_SIGN_STYLE = Automatic;
				CURRENT_PROJECT_VERSION = 1;
				DEVELOPMENT_TEAM = "";
				GENERATE_INFOPLIST_FILE = YES;
				INFOPLIST_FILE = SportsApp/Info.plist;
				INFOPLIST_KEY_UIApplicationSupportsIndirectInputEvents = YES;
				INFOPLIST_KEY_UILaunchStoryboardName = LaunchScreen;
				INFOPLIST_KEY_UIMainStoryboardFile = Main;
				INFOPLIST_KEY_UISupportedInterfaceOrientations_iPad = "UIInterfaceOrientationPortrait UIInterfaceOrientationPortraitUpsideDown UIInterfaceOrientationLandscapeLeft UIInterfaceOrientationLandscapeRight";
				INFOPLIST_KEY_UISupportedInterfaceOrientations_iPhone = "UIInterfaceOrientationPortrait UIInterfaceOrientationLandscapeLeft UIInterfaceOrientationLandscapeRight";
				IPHONEOS_DEPLOYMENT_TARGET = 16.4;
				LD_RUNPATH_SEARCH_PATHS = (
					"$(inherited)",
					"@executable_path/Frameworks",
				);
				MARKETING_VERSION = 1.0;
				PRODUCT_BUNDLE_IDENTIFIER = iti.SportsApp;
				PRODUCT_NAME = "$(TARGET_NAME)";
				SWIFT_EMIT_LOC_STRINGS = YES;
				SWIFT_VERSION = 5.0;
				TARGETED_DEVICE_FAMILY = "1,2";
			};
			name = Release;
		};
		041B7B302A16D5E0000110AA /* Debug */ = {
			isa = XCBuildConfiguration;
			baseConfigurationReference = 2038EC6A87D7185FB95E8C24 /* Pods-SportsAppTests.debug.xcconfig */;
			buildSettings = {
				ALWAYS_EMBED_SWIFT_STANDARD_LIBRARIES = YES;
				BUNDLE_LOADER = "$(TEST_HOST)";
				CODE_SIGN_STYLE = Automatic;
				CURRENT_PROJECT_VERSION = 1;
				GENERATE_INFOPLIST_FILE = YES;
				IPHONEOS_DEPLOYMENT_TARGET = 16.4;
				MARKETING_VERSION = 1.0;
				PRODUCT_BUNDLE_IDENTIFIER = iti.SportsAppTests;
				PRODUCT_NAME = "$(TARGET_NAME)";
				SWIFT_EMIT_LOC_STRINGS = NO;
				SWIFT_VERSION = 5.0;
				TARGETED_DEVICE_FAMILY = "1,2";
				TEST_HOST = "$(BUILT_PRODUCTS_DIR)/SportsApp.app/$(BUNDLE_EXECUTABLE_FOLDER_PATH)/SportsApp";
			};
			name = Debug;
		};
		041B7B312A16D5E0000110AA /* Release */ = {
			isa = XCBuildConfiguration;
			baseConfigurationReference = 289CFE41A2D35999DF584D05 /* Pods-SportsAppTests.release.xcconfig */;
			buildSettings = {
				ALWAYS_EMBED_SWIFT_STANDARD_LIBRARIES = YES;
				BUNDLE_LOADER = "$(TEST_HOST)";
				CODE_SIGN_STYLE = Automatic;
				CURRENT_PROJECT_VERSION = 1;
				GENERATE_INFOPLIST_FILE = YES;
				IPHONEOS_DEPLOYMENT_TARGET = 16.4;
				MARKETING_VERSION = 1.0;
				PRODUCT_BUNDLE_IDENTIFIER = iti.SportsAppTests;
				PRODUCT_NAME = "$(TARGET_NAME)";
				SWIFT_EMIT_LOC_STRINGS = NO;
				SWIFT_VERSION = 5.0;
				TARGETED_DEVICE_FAMILY = "1,2";
				TEST_HOST = "$(BUILT_PRODUCTS_DIR)/SportsApp.app/$(BUNDLE_EXECUTABLE_FOLDER_PATH)/SportsApp";
			};
			name = Release;
		};
		041B7B332A16D5E0000110AA /* Debug */ = {
			isa = XCBuildConfiguration;
			baseConfigurationReference = 038A280618933DED583EBE97 /* Pods-SportsApp-SportsAppUITests.debug.xcconfig */;
			buildSettings = {
				ALWAYS_EMBED_SWIFT_STANDARD_LIBRARIES = YES;
				CODE_SIGN_STYLE = Automatic;
				CURRENT_PROJECT_VERSION = 1;
				GENERATE_INFOPLIST_FILE = YES;
				IPHONEOS_DEPLOYMENT_TARGET = 16.4;
				MARKETING_VERSION = 1.0;
				PRODUCT_BUNDLE_IDENTIFIER = iti.SportsAppUITests;
				PRODUCT_NAME = "$(TARGET_NAME)";
				SWIFT_EMIT_LOC_STRINGS = NO;
				SWIFT_VERSION = 5.0;
				TARGETED_DEVICE_FAMILY = "1,2";
				TEST_TARGET_NAME = SportsApp;
			};
			name = Debug;
		};
		041B7B342A16D5E0000110AA /* Release */ = {
			isa = XCBuildConfiguration;
			baseConfigurationReference = 9A75647372DE581B53FDBC48 /* Pods-SportsApp-SportsAppUITests.release.xcconfig */;
			buildSettings = {
				ALWAYS_EMBED_SWIFT_STANDARD_LIBRARIES = YES;
				CODE_SIGN_STYLE = Automatic;
				CURRENT_PROJECT_VERSION = 1;
				GENERATE_INFOPLIST_FILE = YES;
				IPHONEOS_DEPLOYMENT_TARGET = 16.4;
				MARKETING_VERSION = 1.0;
				PRODUCT_BUNDLE_IDENTIFIER = iti.SportsAppUITests;
				PRODUCT_NAME = "$(TARGET_NAME)";
				SWIFT_EMIT_LOC_STRINGS = NO;
				SWIFT_VERSION = 5.0;
				TARGETED_DEVICE_FAMILY = "1,2";
				TEST_TARGET_NAME = SportsApp;
			};
			name = Release;
		};
/* End XCBuildConfiguration section */

/* Begin XCConfigurationList section */
		041B7AFA2A16D5DE000110AA /* Build configuration list for PBXProject "SportsApp" */ = {
			isa = XCConfigurationList;
			buildConfigurations = (
				041B7B2A2A16D5E0000110AA /* Debug */,
				041B7B2B2A16D5E0000110AA /* Release */,
			);
			defaultConfigurationIsVisible = 0;
			defaultConfigurationName = Release;
		};
		041B7B2C2A16D5E0000110AA /* Build configuration list for PBXNativeTarget "SportsApp" */ = {
			isa = XCConfigurationList;
			buildConfigurations = (
				041B7B2D2A16D5E0000110AA /* Debug */,
				041B7B2E2A16D5E0000110AA /* Release */,
			);
			defaultConfigurationIsVisible = 0;
			defaultConfigurationName = Release;
		};
		041B7B2F2A16D5E0000110AA /* Build configuration list for PBXNativeTarget "SportsAppTests" */ = {
			isa = XCConfigurationList;
			buildConfigurations = (
				041B7B302A16D5E0000110AA /* Debug */,
				041B7B312A16D5E0000110AA /* Release */,
			);
			defaultConfigurationIsVisible = 0;
			defaultConfigurationName = Release;
		};
		041B7B322A16D5E0000110AA /* Build configuration list for PBXNativeTarget "SportsAppUITests" */ = {
			isa = XCConfigurationList;
			buildConfigurations = (
				041B7B332A16D5E0000110AA /* Debug */,
				041B7B342A16D5E0000110AA /* Release */,
			);
			defaultConfigurationIsVisible = 0;
			defaultConfigurationName = Release;
		};
/* End XCConfigurationList section */

/* Begin XCRemoteSwiftPackageReference section */
		0419A60C2A17872000C161CB /* XCRemoteSwiftPackageReference "lottie-ios" */ = {
			isa = XCRemoteSwiftPackageReference;
			repositoryURL = "https://github.com/airbnb/lottie-ios.git";
			requirement = {
				kind = upToNextMajorVersion;
				minimumVersion = 4.0.0;
			};
		};
/* End XCRemoteSwiftPackageReference section */

/* Begin XCSwiftPackageProductDependency section */
		0419A60D2A17872000C161CB /* Lottie */ = {
			isa = XCSwiftPackageProductDependency;
			package = 0419A60C2A17872000C161CB /* XCRemoteSwiftPackageReference "lottie-ios" */;
			productName = Lottie;
		};
/* End XCSwiftPackageProductDependency section */

/* Begin XCVersionGroup section */
		041B7B0B2A16D5DE000110AA /* SportsApp.xcdatamodeld */ = {
			isa = XCVersionGroup;
			children = (
				041B7B0C2A16D5DE000110AA /* SportsApp.xcdatamodel */,
			);
			currentVersion = 041B7B0C2A16D5DE000110AA /* SportsApp.xcdatamodel */;
			path = SportsApp.xcdatamodeld;
			sourceTree = "<group>";
			versionGroupType = wrapper.xcdatamodel;
		};
/* End XCVersionGroup section */
	};
	rootObject = 041B7AF72A16D5DE000110AA /* Project object */;
}
